// !$*UTF8*$!
{
	archiveVersion = 1;
	classes = {
	};
	objectVersion = 56;
	objects = {

/* Begin PBXBuildFile section */
		4A06CCF12B24FF8300B92152 /* EssentialFeedAPIEndToEndTests.swift in Sources */ = {isa = PBXBuildFile; fileRef = 4A06CCF02B24FF8300B92152 /* EssentialFeedAPIEndToEndTests.swift */; };
		4A06CCF22B24FF8300B92152 /* EssentialFeed.framework in Frameworks */ = {isa = PBXBuildFile; fileRef = 4A561C462B1FDD330033688D /* EssentialFeed.framework */; };
		4A06CCF92B25044500B92152 /* XCTTestCase+MemoryCheck.swift in Sources */ = {isa = PBXBuildFile; fileRef = 4AC7AE172B249D3D00A97A76 /* XCTTestCase+MemoryCheck.swift */; };
		4A11BC682B310C8A00396625 /* XCTestCase+FailableRetrieveFeedStoreSpecs.swift in Sources */ = {isa = PBXBuildFile; fileRef = 4A11BC672B310C8A00396625 /* XCTestCase+FailableRetrieveFeedStoreSpecs.swift */; };
		4A11BC6A2B310D9300396625 /* XCTestCase+FailableInsertFeedStoreSpecs.swift in Sources */ = {isa = PBXBuildFile; fileRef = 4A11BC692B310D9300396625 /* XCTestCase+FailableInsertFeedStoreSpecs.swift */; };
		4A11BC6C2B310E1F00396625 /* XCTestCase+FailableDeleteFeedStoreSpecs.swift in Sources */ = {isa = PBXBuildFile; fileRef = 4A11BC6B2B310E1F00396625 /* XCTestCase+FailableDeleteFeedStoreSpecs.swift */; };
		4A11BC6F2B310F1700396625 /* CoreDataFeedStoreTests.swift in Sources */ = {isa = PBXBuildFile; fileRef = 4A11BC6E2B310F1700396625 /* CoreDataFeedStoreTests.swift */; };
		4A11BC722B31117600396625 /* FeedStore.xcdatamodeld in Sources */ = {isa = PBXBuildFile; fileRef = 4A11BC702B31117600396625 /* FeedStore.xcdatamodeld */; };
		4A11BC742B31138C00396625 /* CoreDataFeedStore.swift in Sources */ = {isa = PBXBuildFile; fileRef = 4A11BC732B31138C00396625 /* CoreDataFeedStore.swift */; };
		4A11BC752B3122A400396625 /* FeedStore.xcdatamodeld in Sources */ = {isa = PBXBuildFile; fileRef = 4A11BC702B31117600396625 /* FeedStore.xcdatamodeld */; };
		4A11BC782B31343000396625 /* CoreDataHelpers.swift in Sources */ = {isa = PBXBuildFile; fileRef = 4A11BC772B31343000396625 /* CoreDataHelpers.swift */; };
		4A561C512B1FDD330033688D /* EssentialFeed.framework in Frameworks */ = {isa = PBXBuildFile; fileRef = 4A561C462B1FDD330033688D /* EssentialFeed.framework */; };
		4A561C612B1FDDB90033688D /* FeedImage.swift in Sources */ = {isa = PBXBuildFile; fileRef = 4A561C602B1FDDB90033688D /* FeedImage.swift */; };
		4A561C632B1FDDEF0033688D /* FeedLoader.swift in Sources */ = {isa = PBXBuildFile; fileRef = 4A561C622B1FDDEF0033688D /* FeedLoader.swift */; };
		4A561C652B1FE28F0033688D /* RemoteFeedLoaderTests.swift in Sources */ = {isa = PBXBuildFile; fileRef = 4A561C642B1FE28F0033688D /* RemoteFeedLoaderTests.swift */; };
		4A561C692B1FFC530033688D /* RemoteFeedLoader.swift in Sources */ = {isa = PBXBuildFile; fileRef = 4A561C682B1FFC530033688D /* RemoteFeedLoader.swift */; };
		4A6EEE382B2A6A160014DC97 /* LocalFeedLoader.swift in Sources */ = {isa = PBXBuildFile; fileRef = 4A6EEE372B2A6A160014DC97 /* LocalFeedLoader.swift */; };
		4A6EEE3A2B2A6A3E0014DC97 /* FeedStore.swift in Sources */ = {isa = PBXBuildFile; fileRef = 4A6EEE392B2A6A3E0014DC97 /* FeedStore.swift */; };
		4A6EEE3E2B2A7D2A0014DC97 /* LoadFeedFromCacheUseCaseTests.swift in Sources */ = {isa = PBXBuildFile; fileRef = 4A6EEE3D2B2A7D2A0014DC97 /* LoadFeedFromCacheUseCaseTests.swift */; };
		4A6EEE412B2A7E3A0014DC97 /* FeedStoreSpy.swift in Sources */ = {isa = PBXBuildFile; fileRef = 4A6EEE402B2A7E3A0014DC97 /* FeedStoreSpy.swift */; };
		4A92519A2B2F87070003FE7B /* CodableFeedStore.swift in Sources */ = {isa = PBXBuildFile; fileRef = 4A9251992B2F87070003FE7B /* CodableFeedStore.swift */; };
		4A92519C2B2FAC360003FE7B /* FeedStoreSpecs.swift in Sources */ = {isa = PBXBuildFile; fileRef = 4A92519B2B2FAC360003FE7B /* FeedStoreSpecs.swift */; };
		4A92519E2B2FACE00003FE7B /* FeedStoreSpecs+XCTestCase.swift in Sources */ = {isa = PBXBuildFile; fileRef = 4A92519D2B2FACE00003FE7B /* FeedStoreSpecs+XCTestCase.swift */; };
		4A9A880C2B292905007DF5AA /* CacheFeedUseCaseTests.swift in Sources */ = {isa = PBXBuildFile; fileRef = 4A9A880B2B292905007DF5AA /* CacheFeedUseCaseTests.swift */; };
		4AAE75182B2BC8C700CF0F3C /* ValidateFeedCacheUseCaseTests.swift in Sources */ = {isa = PBXBuildFile; fileRef = 4AAE75172B2BC8C700CF0F3C /* ValidateFeedCacheUseCaseTests.swift */; };
		4AAE751A2B2BCCB400CF0F3C /* FeedCacheTestHelpers.swift in Sources */ = {isa = PBXBuildFile; fileRef = 4AAE75192B2BCCB400CF0F3C /* FeedCacheTestHelpers.swift */; };
		4AB8B2652B2DFC3500B5B0D2 /* FeedCachePolicy.swift in Sources */ = {isa = PBXBuildFile; fileRef = 4AB8B2642B2DFC3500B5B0D2 /* FeedCachePolicy.swift */; };
		4AB8B2672B2DFC6600B5B0D2 /* LocalFeedImage.swift in Sources */ = {isa = PBXBuildFile; fileRef = 4AB8B2662B2DFC6600B5B0D2 /* LocalFeedImage.swift */; };
		4AB8B26A2B2E1E8100B5B0D2 /* CodableFeedStoreTests.swift in Sources */ = {isa = PBXBuildFile; fileRef = 4AB8B2692B2E1E8100B5B0D2 /* CodableFeedStoreTests.swift */; };
		4AC7AE182B249D3D00A97A76 /* XCTTestCase+MemoryCheck.swift in Sources */ = {isa = PBXBuildFile; fileRef = 4AC7AE172B249D3D00A97A76 /* XCTTestCase+MemoryCheck.swift */; };
		4AC7AE1A2B24B2F700A97A76 /* URLSessionHTTPClient.swift in Sources */ = {isa = PBXBuildFile; fileRef = 4AC7AE192B24B2F700A97A76 /* URLSessionHTTPClient.swift */; };
		4AF052962B22824400DEF1E7 /* HTTPClient.swift in Sources */ = {isa = PBXBuildFile; fileRef = 4AF052952B22824400DEF1E7 /* HTTPClient.swift */; };
		4AF052982B22827100DEF1E7 /* FeedItemsMapper.swift in Sources */ = {isa = PBXBuildFile; fileRef = 4AF052972B22827100DEF1E7 /* FeedItemsMapper.swift */; };
		4AF0529B2B22A6B400DEF1E7 /* URLSessionHTTPClientTests.swift in Sources */ = {isa = PBXBuildFile; fileRef = 4AF0529A2B22A6B400DEF1E7 /* URLSessionHTTPClientTests.swift */; };
/* End PBXBuildFile section */

/* Begin PBXContainerItemProxy section */
		4A06CCF32B24FF8300B92152 /* PBXContainerItemProxy */ = {
			isa = PBXContainerItemProxy;
			containerPortal = 4A561C3D2B1FDD330033688D /* Project object */;
			proxyType = 1;
			remoteGlobalIDString = 4A561C452B1FDD330033688D;
			remoteInfo = EssentialFeed;
		};
		4A561C522B1FDD330033688D /* PBXContainerItemProxy */ = {
			isa = PBXContainerItemProxy;
			containerPortal = 4A561C3D2B1FDD330033688D /* Project object */;
			proxyType = 1;
			remoteGlobalIDString = 4A561C452B1FDD330033688D;
			remoteInfo = EssentialFeed;
		};
/* End PBXContainerItemProxy section */

/* Begin PBXFileReference section */
		4A06CCE92B24FBAC00B92152 /* EssentialFeed.xctestplan */ = {isa = PBXFileReference; lastKnownFileType = text; path = EssentialFeed.xctestplan; sourceTree = "<group>"; };
		4A06CCEE2B24FF8300B92152 /* EssentialFeedAPIEndToEndTests.xctest */ = {isa = PBXFileReference; explicitFileType = wrapper.cfbundle; includeInIndex = 0; path = EssentialFeedAPIEndToEndTests.xctest; sourceTree = BUILT_PRODUCTS_DIR; };
		4A06CCF02B24FF8300B92152 /* EssentialFeedAPIEndToEndTests.swift */ = {isa = PBXFileReference; lastKnownFileType = sourcecode.swift; path = EssentialFeedAPIEndToEndTests.swift; sourceTree = "<group>"; };
		4A06CD0A2B2509B600B92152 /* CI.xctestplan */ = {isa = PBXFileReference; lastKnownFileType = text; path = CI.xctestplan; sourceTree = "<group>"; };
		4A11BC672B310C8A00396625 /* XCTestCase+FailableRetrieveFeedStoreSpecs.swift */ = {isa = PBXFileReference; lastKnownFileType = sourcecode.swift; path = "XCTestCase+FailableRetrieveFeedStoreSpecs.swift"; sourceTree = "<group>"; };
		4A11BC692B310D9300396625 /* XCTestCase+FailableInsertFeedStoreSpecs.swift */ = {isa = PBXFileReference; lastKnownFileType = sourcecode.swift; path = "XCTestCase+FailableInsertFeedStoreSpecs.swift"; sourceTree = "<group>"; };
		4A11BC6B2B310E1F00396625 /* XCTestCase+FailableDeleteFeedStoreSpecs.swift */ = {isa = PBXFileReference; lastKnownFileType = sourcecode.swift; path = "XCTestCase+FailableDeleteFeedStoreSpecs.swift"; sourceTree = "<group>"; };
		4A11BC6E2B310F1700396625 /* CoreDataFeedStoreTests.swift */ = {isa = PBXFileReference; lastKnownFileType = sourcecode.swift; path = CoreDataFeedStoreTests.swift; sourceTree = "<group>"; };
		4A11BC712B31117600396625 /* FeedStore.xcdatamodel */ = {isa = PBXFileReference; lastKnownFileType = wrapper.xcdatamodel; path = FeedStore.xcdatamodel; sourceTree = "<group>"; };
		4A11BC732B31138C00396625 /* CoreDataFeedStore.swift */ = {isa = PBXFileReference; lastKnownFileType = sourcecode.swift; path = CoreDataFeedStore.swift; sourceTree = "<group>"; };
		4A11BC772B31343000396625 /* CoreDataHelpers.swift */ = {isa = PBXFileReference; lastKnownFileType = sourcecode.swift; path = CoreDataHelpers.swift; sourceTree = "<group>"; };
		4A561C462B1FDD330033688D /* EssentialFeed.framework */ = {isa = PBXFileReference; explicitFileType = wrapper.framework; includeInIndex = 0; path = EssentialFeed.framework; sourceTree = BUILT_PRODUCTS_DIR; };
		4A561C502B1FDD330033688D /* EssentialFeedTests.xctest */ = {isa = PBXFileReference; explicitFileType = wrapper.cfbundle; includeInIndex = 0; path = EssentialFeedTests.xctest; sourceTree = BUILT_PRODUCTS_DIR; };
		4A561C602B1FDDB90033688D /* FeedImage.swift */ = {isa = PBXFileReference; lastKnownFileType = sourcecode.swift; path = FeedImage.swift; sourceTree = "<group>"; };
		4A561C622B1FDDEF0033688D /* FeedLoader.swift */ = {isa = PBXFileReference; lastKnownFileType = sourcecode.swift; path = FeedLoader.swift; sourceTree = "<group>"; };
		4A561C642B1FE28F0033688D /* RemoteFeedLoaderTests.swift */ = {isa = PBXFileReference; lastKnownFileType = sourcecode.swift; path = RemoteFeedLoaderTests.swift; sourceTree = "<group>"; };
		4A561C682B1FFC530033688D /* RemoteFeedLoader.swift */ = {isa = PBXFileReference; lastKnownFileType = sourcecode.swift; path = RemoteFeedLoader.swift; sourceTree = "<group>"; };
		4A6EEE372B2A6A160014DC97 /* LocalFeedLoader.swift */ = {isa = PBXFileReference; lastKnownFileType = sourcecode.swift; path = LocalFeedLoader.swift; sourceTree = "<group>"; };
		4A6EEE392B2A6A3E0014DC97 /* FeedStore.swift */ = {isa = PBXFileReference; lastKnownFileType = sourcecode.swift; path = FeedStore.swift; sourceTree = "<group>"; };
		4A6EEE3D2B2A7D2A0014DC97 /* LoadFeedFromCacheUseCaseTests.swift */ = {isa = PBXFileReference; lastKnownFileType = sourcecode.swift; path = LoadFeedFromCacheUseCaseTests.swift; sourceTree = "<group>"; };
		4A6EEE402B2A7E3A0014DC97 /* FeedStoreSpy.swift */ = {isa = PBXFileReference; lastKnownFileType = sourcecode.swift; path = FeedStoreSpy.swift; sourceTree = "<group>"; };
		4A9251992B2F87070003FE7B /* CodableFeedStore.swift */ = {isa = PBXFileReference; lastKnownFileType = sourcecode.swift; path = CodableFeedStore.swift; sourceTree = "<group>"; };
		4A92519B2B2FAC360003FE7B /* FeedStoreSpecs.swift */ = {isa = PBXFileReference; lastKnownFileType = sourcecode.swift; path = FeedStoreSpecs.swift; sourceTree = "<group>"; };
		4A92519D2B2FACE00003FE7B /* FeedStoreSpecs+XCTestCase.swift */ = {isa = PBXFileReference; lastKnownFileType = sourcecode.swift; path = "FeedStoreSpecs+XCTestCase.swift"; sourceTree = "<group>"; };
		4A9A880B2B292905007DF5AA /* CacheFeedUseCaseTests.swift */ = {isa = PBXFileReference; lastKnownFileType = sourcecode.swift; path = CacheFeedUseCaseTests.swift; sourceTree = "<group>"; };
		4AAE75172B2BC8C700CF0F3C /* ValidateFeedCacheUseCaseTests.swift */ = {isa = PBXFileReference; lastKnownFileType = sourcecode.swift; path = ValidateFeedCacheUseCaseTests.swift; sourceTree = "<group>"; };
		4AAE75192B2BCCB400CF0F3C /* FeedCacheTestHelpers.swift */ = {isa = PBXFileReference; lastKnownFileType = sourcecode.swift; path = FeedCacheTestHelpers.swift; sourceTree = "<group>"; };
		4AB8B2642B2DFC3500B5B0D2 /* FeedCachePolicy.swift */ = {isa = PBXFileReference; lastKnownFileType = sourcecode.swift; path = FeedCachePolicy.swift; sourceTree = "<group>"; };
		4AB8B2662B2DFC6600B5B0D2 /* LocalFeedImage.swift */ = {isa = PBXFileReference; lastKnownFileType = sourcecode.swift; path = LocalFeedImage.swift; sourceTree = "<group>"; };
		4AB8B2692B2E1E8100B5B0D2 /* CodableFeedStoreTests.swift */ = {isa = PBXFileReference; lastKnownFileType = sourcecode.swift; path = CodableFeedStoreTests.swift; sourceTree = "<group>"; };
		4AC7AE172B249D3D00A97A76 /* XCTTestCase+MemoryCheck.swift */ = {isa = PBXFileReference; lastKnownFileType = sourcecode.swift; path = "XCTTestCase+MemoryCheck.swift"; sourceTree = "<group>"; };
		4AC7AE192B24B2F700A97A76 /* URLSessionHTTPClient.swift */ = {isa = PBXFileReference; lastKnownFileType = sourcecode.swift; path = URLSessionHTTPClient.swift; sourceTree = "<group>"; };
		4AF052952B22824400DEF1E7 /* HTTPClient.swift */ = {isa = PBXFileReference; lastKnownFileType = sourcecode.swift; path = HTTPClient.swift; sourceTree = "<group>"; };
		4AF052972B22827100DEF1E7 /* FeedItemsMapper.swift */ = {isa = PBXFileReference; lastKnownFileType = sourcecode.swift; path = FeedItemsMapper.swift; sourceTree = "<group>"; };
		4AF0529A2B22A6B400DEF1E7 /* URLSessionHTTPClientTests.swift */ = {isa = PBXFileReference; lastKnownFileType = sourcecode.swift; path = URLSessionHTTPClientTests.swift; sourceTree = "<group>"; };
/* End PBXFileReference section */

/* Begin PBXFrameworksBuildPhase section */
		4A06CCEB2B24FF8300B92152 /* Frameworks */ = {
			isa = PBXFrameworksBuildPhase;
			buildActionMask = 2147483647;
			files = (
				4A06CCF22B24FF8300B92152 /* EssentialFeed.framework in Frameworks */,
			);
			runOnlyForDeploymentPostprocessing = 0;
		};
		4A561C432B1FDD330033688D /* Frameworks */ = {
			isa = PBXFrameworksBuildPhase;
			buildActionMask = 2147483647;
			files = (
			);
			runOnlyForDeploymentPostprocessing = 0;
		};
		4A561C4D2B1FDD330033688D /* Frameworks */ = {
			isa = PBXFrameworksBuildPhase;
			buildActionMask = 2147483647;
			files = (
				4A561C512B1FDD330033688D /* EssentialFeed.framework in Frameworks */,
			);
			runOnlyForDeploymentPostprocessing = 0;
		};
/* End PBXFrameworksBuildPhase section */

/* Begin PBXGroup section */
		4A06CCEF2B24FF8300B92152 /* EssentialFeedAPIEndToEndTests */ = {
			isa = PBXGroup;
			children = (
				4A06CCF02B24FF8300B92152 /* EssentialFeedAPIEndToEndTests.swift */,
			);
			path = EssentialFeedAPIEndToEndTests;
			sourceTree = "<group>";
		};
		4A11BC6D2B310E8300396625 /* FeedStoreSpecs */ = {
			isa = PBXGroup;
			children = (
				4A92519B2B2FAC360003FE7B /* FeedStoreSpecs.swift */,
				4A11BC672B310C8A00396625 /* XCTestCase+FailableRetrieveFeedStoreSpecs.swift */,
				4A11BC692B310D9300396625 /* XCTestCase+FailableInsertFeedStoreSpecs.swift */,
				4A11BC6B2B310E1F00396625 /* XCTestCase+FailableDeleteFeedStoreSpecs.swift */,
				4A92519D2B2FACE00003FE7B /* FeedStoreSpecs+XCTestCase.swift */,
			);
			path = FeedStoreSpecs;
			sourceTree = "<group>";
		};
		4A11BC762B3133C600396625 /* Infrastructure */ = {
			isa = PBXGroup;
			children = (
				4A11BC702B31117600396625 /* FeedStore.xcdatamodeld */,
				4A9251992B2F87070003FE7B /* CodableFeedStore.swift */,
				4A11BC732B31138C00396625 /* CoreDataFeedStore.swift */,
				4A11BC772B31343000396625 /* CoreDataHelpers.swift */,
			);
			path = Infrastructure;
			sourceTree = "<group>";
		};
		4A561C3C2B1FDD330033688D = {
			isa = PBXGroup;
			children = (
				4A06CD0A2B2509B600B92152 /* CI.xctestplan */,
				4A561C482B1FDD330033688D /* EssentialFeed */,
				4A561C542B1FDD330033688D /* EssentialFeedTests */,
				4A06CCEF2B24FF8300B92152 /* EssentialFeedAPIEndToEndTests */,
				4A561C472B1FDD330033688D /* Products */,
			);
			sourceTree = "<group>";
		};
		4A561C472B1FDD330033688D /* Products */ = {
			isa = PBXGroup;
			children = (
				4A561C462B1FDD330033688D /* EssentialFeed.framework */,
				4A561C502B1FDD330033688D /* EssentialFeedTests.xctest */,
				4A06CCEE2B24FF8300B92152 /* EssentialFeedAPIEndToEndTests.xctest */,
			);
			name = Products;
			sourceTree = "<group>";
		};
		4A561C482B1FDD330033688D /* EssentialFeed */ = {
			isa = PBXGroup;
			children = (
				4A6EEE362B2A6A040014DC97 /* Feed Cache */,
				4A561C672B1FFC3C0033688D /* Feed API */,
				4A561C662B1FFC330033688D /* Feed */,
			);
			path = EssentialFeed;
			sourceTree = "<group>";
		};
		4A561C542B1FDD330033688D /* EssentialFeedTests */ = {
			isa = PBXGroup;
			children = (
				4AC7AE162B249D2400A97A76 /* Helpers */,
				4A9A880A2B2928EB007DF5AA /* FeedCache */,
				4AF052992B228C3700DEF1E7 /* FeedAPI */,
				4A06CCE92B24FBAC00B92152 /* EssentialFeed.xctestplan */,
			);
			path = EssentialFeedTests;
			sourceTree = "<group>";
		};
		4A561C662B1FFC330033688D /* Feed */ = {
			isa = PBXGroup;
			children = (
				4A561C602B1FDDB90033688D /* FeedImage.swift */,
				4A561C622B1FDDEF0033688D /* FeedLoader.swift */,
			);
			path = Feed;
			sourceTree = "<group>";
		};
		4A561C672B1FFC3C0033688D /* Feed API */ = {
			isa = PBXGroup;
			children = (
				4A561C682B1FFC530033688D /* RemoteFeedLoader.swift */,
				4AF052952B22824400DEF1E7 /* HTTPClient.swift */,
				4AF052972B22827100DEF1E7 /* FeedItemsMapper.swift */,
				4AC7AE192B24B2F700A97A76 /* URLSessionHTTPClient.swift */,
			);
			path = "Feed API";
			sourceTree = "<group>";
		};
		4A6EEE362B2A6A040014DC97 /* Feed Cache */ = {
			isa = PBXGroup;
			children = (
				4A11BC762B3133C600396625 /* Infrastructure */,
				4A6EEE372B2A6A160014DC97 /* LocalFeedLoader.swift */,
				4A6EEE392B2A6A3E0014DC97 /* FeedStore.swift */,
				4AB8B2642B2DFC3500B5B0D2 /* FeedCachePolicy.swift */,
				4AB8B2662B2DFC6600B5B0D2 /* LocalFeedImage.swift */,
			);
			path = "Feed Cache";
			sourceTree = "<group>";
		};
		4A6EEE3F2B2A7E220014DC97 /* Helpers */ = {
			isa = PBXGroup;
			children = (
				4A6EEE402B2A7E3A0014DC97 /* FeedStoreSpy.swift */,
				4AAE75192B2BCCB400CF0F3C /* FeedCacheTestHelpers.swift */,
			);
			path = Helpers;
			sourceTree = "<group>";
		};
		4A9A880A2B2928EB007DF5AA /* FeedCache */ = {
			isa = PBXGroup;
			children = (
				4A6EEE3F2B2A7E220014DC97 /* Helpers */,
				4A11BC6D2B310E8300396625 /* FeedStoreSpecs */,
				4A9A880B2B292905007DF5AA /* CacheFeedUseCaseTests.swift */,
				4A6EEE3D2B2A7D2A0014DC97 /* LoadFeedFromCacheUseCaseTests.swift */,
				4AAE75172B2BC8C700CF0F3C /* ValidateFeedCacheUseCaseTests.swift */,
				4AB8B2692B2E1E8100B5B0D2 /* CodableFeedStoreTests.swift */,
				4A11BC6E2B310F1700396625 /* CoreDataFeedStoreTests.swift */,
			);
			path = FeedCache;
			sourceTree = "<group>";
		};
		4AC7AE162B249D2400A97A76 /* Helpers */ = {
			isa = PBXGroup;
			children = (
				4AC7AE172B249D3D00A97A76 /* XCTTestCase+MemoryCheck.swift */,
			);
			path = Helpers;
			sourceTree = "<group>";
		};
		4AF052992B228C3700DEF1E7 /* FeedAPI */ = {
			isa = PBXGroup;
			children = (
				4A561C642B1FE28F0033688D /* RemoteFeedLoaderTests.swift */,
				4AF0529A2B22A6B400DEF1E7 /* URLSessionHTTPClientTests.swift */,
			);
			path = FeedAPI;
			sourceTree = "<group>";
		};
/* End PBXGroup section */

/* Begin PBXHeadersBuildPhase section */
		4A561C412B1FDD330033688D /* Headers */ = {
			isa = PBXHeadersBuildPhase;
			buildActionMask = 2147483647;
			files = (
			);
			runOnlyForDeploymentPostprocessing = 0;
		};
/* End PBXHeadersBuildPhase section */

/* Begin PBXNativeTarget section */
		4A06CCED2B24FF8300B92152 /* EssentialFeedAPIEndToEndTests */ = {
			isa = PBXNativeTarget;
			buildConfigurationList = 4A06CCF52B24FF8300B92152 /* Build configuration list for PBXNativeTarget "EssentialFeedAPIEndToEndTests" */;
			buildPhases = (
				4A06CCEA2B24FF8300B92152 /* Sources */,
				4A06CCEB2B24FF8300B92152 /* Frameworks */,
				4A06CCEC2B24FF8300B92152 /* Resources */,
			);
			buildRules = (
			);
			dependencies = (
				4A06CCF42B24FF8300B92152 /* PBXTargetDependency */,
			);
			name = EssentialFeedAPIEndToEndTests;
			productName = EssentialFeedAPIEndToEndTests;
			productReference = 4A06CCEE2B24FF8300B92152 /* EssentialFeedAPIEndToEndTests.xctest */;
			productType = "com.apple.product-type.bundle.unit-test";
		};
		4A561C452B1FDD330033688D /* EssentialFeed */ = {
			isa = PBXNativeTarget;
			buildConfigurationList = 4A561C5A2B1FDD330033688D /* Build configuration list for PBXNativeTarget "EssentialFeed" */;
			buildPhases = (
				4A561C412B1FDD330033688D /* Headers */,
				4A561C422B1FDD330033688D /* Sources */,
				4A561C432B1FDD330033688D /* Frameworks */,
				4A561C442B1FDD330033688D /* Resources */,
			);
			buildRules = (
			);
			dependencies = (
			);
			name = EssentialFeed;
			productName = EssentialFeed;
			productReference = 4A561C462B1FDD330033688D /* EssentialFeed.framework */;
			productType = "com.apple.product-type.framework";
		};
		4A561C4F2B1FDD330033688D /* EssentialFeedTests */ = {
			isa = PBXNativeTarget;
			buildConfigurationList = 4A561C5D2B1FDD330033688D /* Build configuration list for PBXNativeTarget "EssentialFeedTests" */;
			buildPhases = (
				4A561C4C2B1FDD330033688D /* Sources */,
				4A561C4D2B1FDD330033688D /* Frameworks */,
				4A561C4E2B1FDD330033688D /* Resources */,
			);
			buildRules = (
			);
			dependencies = (
				4A561C532B1FDD330033688D /* PBXTargetDependency */,
			);
			name = EssentialFeedTests;
			productName = EssentialFeedTests;
			productReference = 4A561C502B1FDD330033688D /* EssentialFeedTests.xctest */;
			productType = "com.apple.product-type.bundle.unit-test";
		};
/* End PBXNativeTarget section */

/* Begin PBXProject section */
		4A561C3D2B1FDD330033688D /* Project object */ = {
			isa = PBXProject;
			attributes = {
				BuildIndependentTargetsInParallel = 1;
				LastSwiftUpdateCheck = 1500;
				LastUpgradeCheck = 1510;
				TargetAttributes = {
					4A06CCED2B24FF8300B92152 = {
						CreatedOnToolsVersion = 15.0.1;
					};
					4A561C452B1FDD330033688D = {
						CreatedOnToolsVersion = 15.0.1;
						LastSwiftMigration = 1500;
					};
					4A561C4F2B1FDD330033688D = {
						CreatedOnToolsVersion = 15.0.1;
					};
				};
			};
			buildConfigurationList = 4A561C402B1FDD330033688D /* Build configuration list for PBXProject "EssentialFeed" */;
			compatibilityVersion = "Xcode 14.0";
			developmentRegion = en;
			hasScannedForEncodings = 0;
			knownRegions = (
				en,
				Base,
			);
			mainGroup = 4A561C3C2B1FDD330033688D;
			productRefGroup = 4A561C472B1FDD330033688D /* Products */;
			projectDirPath = "";
			projectRoot = "";
			targets = (
				4A561C452B1FDD330033688D /* EssentialFeed */,
				4A561C4F2B1FDD330033688D /* EssentialFeedTests */,
				4A06CCED2B24FF8300B92152 /* EssentialFeedAPIEndToEndTests */,
			);
		};
/* End PBXProject section */

/* Begin PBXResourcesBuildPhase section */
		4A06CCEC2B24FF8300B92152 /* Resources */ = {
			isa = PBXResourcesBuildPhase;
			buildActionMask = 2147483647;
			files = (
			);
			runOnlyForDeploymentPostprocessing = 0;
		};
		4A561C442B1FDD330033688D /* Resources */ = {
			isa = PBXResourcesBuildPhase;
			buildActionMask = 2147483647;
			files = (
			);
			runOnlyForDeploymentPostprocessing = 0;
		};
		4A561C4E2B1FDD330033688D /* Resources */ = {
			isa = PBXResourcesBuildPhase;
			buildActionMask = 2147483647;
			files = (
			);
			runOnlyForDeploymentPostprocessing = 0;
		};
/* End PBXResourcesBuildPhase section */

/* Begin PBXSourcesBuildPhase section */
		4A06CCEA2B24FF8300B92152 /* Sources */ = {
			isa = PBXSourcesBuildPhase;
			buildActionMask = 2147483647;
			files = (
				4A06CCF12B24FF8300B92152 /* EssentialFeedAPIEndToEndTests.swift in Sources */,
				4A06CCF92B25044500B92152 /* XCTTestCase+MemoryCheck.swift in Sources */,
			);
			runOnlyForDeploymentPostprocessing = 0;
		};
		4A561C422B1FDD330033688D /* Sources */ = {
			isa = PBXSourcesBuildPhase;
			buildActionMask = 2147483647;
			files = (
				4A11BC752B3122A400396625 /* FeedStore.xcdatamodeld in Sources */,
				4AF052982B22827100DEF1E7 /* FeedItemsMapper.swift in Sources */,
				4A561C692B1FFC530033688D /* RemoteFeedLoader.swift in Sources */,
				4A561C632B1FDDEF0033688D /* FeedLoader.swift in Sources */,
				4A11BC782B31343000396625 /* CoreDataHelpers.swift in Sources */,
				4AB8B2672B2DFC6600B5B0D2 /* LocalFeedImage.swift in Sources */,
				4A6EEE3A2B2A6A3E0014DC97 /* FeedStore.swift in Sources */,
				4A6EEE382B2A6A160014DC97 /* LocalFeedLoader.swift in Sources */,
				4A11BC742B31138C00396625 /* CoreDataFeedStore.swift in Sources */,
				4AF052962B22824400DEF1E7 /* HTTPClient.swift in Sources */,
				4A561C612B1FDDB90033688D /* FeedImage.swift in Sources */,
				4A92519A2B2F87070003FE7B /* CodableFeedStore.swift in Sources */,
				4AC7AE1A2B24B2F700A97A76 /* URLSessionHTTPClient.swift in Sources */,
				4AB8B2652B2DFC3500B5B0D2 /* FeedCachePolicy.swift in Sources */,
			);
			runOnlyForDeploymentPostprocessing = 0;
		};
		4A561C4C2B1FDD330033688D /* Sources */ = {
			isa = PBXSourcesBuildPhase;
			buildActionMask = 2147483647;
			files = (
				4AB8B26A2B2E1E8100B5B0D2 /* CodableFeedStoreTests.swift in Sources */,
				4A11BC6F2B310F1700396625 /* CoreDataFeedStoreTests.swift in Sources */,
				4A11BC682B310C8A00396625 /* XCTestCase+FailableRetrieveFeedStoreSpecs.swift in Sources */,
				4A92519E2B2FACE00003FE7B /* FeedStoreSpecs+XCTestCase.swift in Sources */,
				4A561C652B1FE28F0033688D /* RemoteFeedLoaderTests.swift in Sources */,
				4A92519C2B2FAC360003FE7B /* FeedStoreSpecs.swift in Sources */,
				4AC7AE182B249D3D00A97A76 /* XCTTestCase+MemoryCheck.swift in Sources */,
				4A11BC6C2B310E1F00396625 /* XCTestCase+FailableDeleteFeedStoreSpecs.swift in Sources */,
				4A9A880C2B292905007DF5AA /* CacheFeedUseCaseTests.swift in Sources */,
				4A11BC6A2B310D9300396625 /* XCTestCase+FailableInsertFeedStoreSpecs.swift in Sources */,
				4AAE751A2B2BCCB400CF0F3C /* FeedCacheTestHelpers.swift in Sources */,
				4AAE75182B2BC8C700CF0F3C /* ValidateFeedCacheUseCaseTests.swift in Sources */,
				4A6EEE412B2A7E3A0014DC97 /* FeedStoreSpy.swift in Sources */,
				4A6EEE3E2B2A7D2A0014DC97 /* LoadFeedFromCacheUseCaseTests.swift in Sources */,
				4AF0529B2B22A6B400DEF1E7 /* URLSessionHTTPClientTests.swift in Sources */,
				4A11BC722B31117600396625 /* FeedStore.xcdatamodeld in Sources */,
			);
			runOnlyForDeploymentPostprocessing = 0;
		};
/* End PBXSourcesBuildPhase section */

/* Begin PBXTargetDependency section */
		4A06CCF42B24FF8300B92152 /* PBXTargetDependency */ = {
			isa = PBXTargetDependency;
			target = 4A561C452B1FDD330033688D /* EssentialFeed */;
			targetProxy = 4A06CCF32B24FF8300B92152 /* PBXContainerItemProxy */;
		};
		4A561C532B1FDD330033688D /* PBXTargetDependency */ = {
			isa = PBXTargetDependency;
			target = 4A561C452B1FDD330033688D /* EssentialFeed */;
			targetProxy = 4A561C522B1FDD330033688D /* PBXContainerItemProxy */;
		};
/* End PBXTargetDependency section */

/* Begin XCBuildConfiguration section */
		4A06CCF62B24FF8300B92152 /* Debug */ = {
			isa = XCBuildConfiguration;
			buildSettings = {
				CODE_SIGN_STYLE = Automatic;
				CURRENT_PROJECT_VERSION = 1;
				DEAD_CODE_STRIPPING = YES;
				GENERATE_INFOPLIST_FILE = YES;
				MACOSX_DEPLOYMENT_TARGET = 14.0;
				MARKETING_VERSION = 1.0;
				PRODUCT_BUNDLE_IDENTIFIER = com.marcosapostolo.EssentialFeedAPIEndToEndTests;
				PRODUCT_NAME = "$(TARGET_NAME)";
				SDKROOT = macosx;
				SWIFT_EMIT_LOC_STRINGS = NO;
				SWIFT_VERSION = 5.0;
			};
			name = Debug;
		};
		4A06CCF72B24FF8300B92152 /* Release */ = {
			isa = XCBuildConfiguration;
			buildSettings = {
				CODE_SIGN_STYLE = Automatic;
				CURRENT_PROJECT_VERSION = 1;
				DEAD_CODE_STRIPPING = YES;
				GENERATE_INFOPLIST_FILE = YES;
				MACOSX_DEPLOYMENT_TARGET = 14.0;
				MARKETING_VERSION = 1.0;
				PRODUCT_BUNDLE_IDENTIFIER = com.marcosapostolo.EssentialFeedAPIEndToEndTests;
				PRODUCT_NAME = "$(TARGET_NAME)";
				SDKROOT = macosx;
				SWIFT_EMIT_LOC_STRINGS = NO;
				SWIFT_VERSION = 5.0;
			};
			name = Release;
		};
		4A561C582B1FDD330033688D /* Debug */ = {
			isa = XCBuildConfiguration;
			buildSettings = {
				ALWAYS_SEARCH_USER_PATHS = NO;
				ASSETCATALOG_COMPILER_GENERATE_SWIFT_ASSET_SYMBOL_EXTENSIONS = YES;
				CLANG_ANALYZER_NONNULL = YES;
				CLANG_ANALYZER_NUMBER_OBJECT_CONVERSION = YES_AGGRESSIVE;
				CLANG_CXX_LANGUAGE_STANDARD = "gnu++20";
				CLANG_ENABLE_MODULES = YES;
				CLANG_ENABLE_OBJC_ARC = YES;
				CLANG_ENABLE_OBJC_WEAK = YES;
				CLANG_WARN_BLOCK_CAPTURE_AUTORELEASING = YES;
				CLANG_WARN_BOOL_CONVERSION = YES;
				CLANG_WARN_COMMA = YES;
				CLANG_WARN_CONSTANT_CONVERSION = YES;
				CLANG_WARN_DEPRECATED_OBJC_IMPLEMENTATIONS = YES;
				CLANG_WARN_DIRECT_OBJC_ISA_USAGE = YES_ERROR;
				CLANG_WARN_DOCUMENTATION_COMMENTS = YES;
				CLANG_WARN_EMPTY_BODY = YES;
				CLANG_WARN_ENUM_CONVERSION = YES;
				CLANG_WARN_INFINITE_RECURSION = YES;
				CLANG_WARN_INT_CONVERSION = YES;
				CLANG_WARN_NON_LITERAL_NULL_CONVERSION = YES;
				CLANG_WARN_OBJC_IMPLICIT_RETAIN_SELF = YES;
				CLANG_WARN_OBJC_LITERAL_CONVERSION = YES;
				CLANG_WARN_OBJC_ROOT_CLASS = YES_ERROR;
				CLANG_WARN_QUOTED_INCLUDE_IN_FRAMEWORK_HEADER = YES;
				CLANG_WARN_RANGE_LOOP_ANALYSIS = YES;
				CLANG_WARN_STRICT_PROTOTYPES = YES;
				CLANG_WARN_SUSPICIOUS_MOVE = YES;
				CLANG_WARN_UNGUARDED_AVAILABILITY = YES_AGGRESSIVE;
				CLANG_WARN_UNREACHABLE_CODE = YES;
				CLANG_WARN__DUPLICATE_METHOD_MATCH = YES;
				COPY_PHASE_STRIP = NO;
				CURRENT_PROJECT_VERSION = 1;
				DEAD_CODE_STRIPPING = YES;
				DEBUG_INFORMATION_FORMAT = dwarf;
				ENABLE_STRICT_OBJC_MSGSEND = YES;
				ENABLE_TESTABILITY = YES;
				ENABLE_USER_SCRIPT_SANDBOXING = YES;
				GCC_C_LANGUAGE_STANDARD = gnu17;
				GCC_DYNAMIC_NO_PIC = NO;
				GCC_NO_COMMON_BLOCKS = YES;
				GCC_OPTIMIZATION_LEVEL = 0;
				GCC_PREPROCESSOR_DEFINITIONS = (
					"DEBUG=1",
					"$(inherited)",
				);
				GCC_WARN_64_TO_32_BIT_CONVERSION = YES;
				GCC_WARN_ABOUT_RETURN_TYPE = YES_ERROR;
				GCC_WARN_UNDECLARED_SELECTOR = YES;
				GCC_WARN_UNINITIALIZED_AUTOS = YES_AGGRESSIVE;
				GCC_WARN_UNUSED_FUNCTION = YES;
				GCC_WARN_UNUSED_VARIABLE = YES;
				LOCALIZATION_PREFERS_STRING_CATALOGS = YES;
				MTL_ENABLE_DEBUG_INFO = INCLUDE_SOURCE;
				MTL_FAST_MATH = YES;
				ONLY_ACTIVE_ARCH = YES;
				SWIFT_ACTIVE_COMPILATION_CONDITIONS = "DEBUG $(inherited)";
				SWIFT_OPTIMIZATION_LEVEL = "-Onone";
				VERSIONING_SYSTEM = "apple-generic";
				VERSION_INFO_PREFIX = "";
			};
			name = Debug;
		};
		4A561C592B1FDD330033688D /* Release */ = {
			isa = XCBuildConfiguration;
			buildSettings = {
				ALWAYS_SEARCH_USER_PATHS = NO;
				ASSETCATALOG_COMPILER_GENERATE_SWIFT_ASSET_SYMBOL_EXTENSIONS = YES;
				CLANG_ANALYZER_NONNULL = YES;
				CLANG_ANALYZER_NUMBER_OBJECT_CONVERSION = YES_AGGRESSIVE;
				CLANG_CXX_LANGUAGE_STANDARD = "gnu++20";
				CLANG_ENABLE_MODULES = YES;
				CLANG_ENABLE_OBJC_ARC = YES;
				CLANG_ENABLE_OBJC_WEAK = YES;
				CLANG_WARN_BLOCK_CAPTURE_AUTORELEASING = YES;
				CLANG_WARN_BOOL_CONVERSION = YES;
				CLANG_WARN_COMMA = YES;
				CLANG_WARN_CONSTANT_CONVERSION = YES;
				CLANG_WARN_DEPRECATED_OBJC_IMPLEMENTATIONS = YES;
				CLANG_WARN_DIRECT_OBJC_ISA_USAGE = YES_ERROR;
				CLANG_WARN_DOCUMENTATION_COMMENTS = YES;
				CLANG_WARN_EMPTY_BODY = YES;
				CLANG_WARN_ENUM_CONVERSION = YES;
				CLANG_WARN_INFINITE_RECURSION = YES;
				CLANG_WARN_INT_CONVERSION = YES;
				CLANG_WARN_NON_LITERAL_NULL_CONVERSION = YES;
				CLANG_WARN_OBJC_IMPLICIT_RETAIN_SELF = YES;
				CLANG_WARN_OBJC_LITERAL_CONVERSION = YES;
				CLANG_WARN_OBJC_ROOT_CLASS = YES_ERROR;
				CLANG_WARN_QUOTED_INCLUDE_IN_FRAMEWORK_HEADER = YES;
				CLANG_WARN_RANGE_LOOP_ANALYSIS = YES;
				CLANG_WARN_STRICT_PROTOTYPES = YES;
				CLANG_WARN_SUSPICIOUS_MOVE = YES;
				CLANG_WARN_UNGUARDED_AVAILABILITY = YES_AGGRESSIVE;
				CLANG_WARN_UNREACHABLE_CODE = YES;
				CLANG_WARN__DUPLICATE_METHOD_MATCH = YES;
				COPY_PHASE_STRIP = NO;
				CURRENT_PROJECT_VERSION = 1;
				DEAD_CODE_STRIPPING = YES;
				DEBUG_INFORMATION_FORMAT = "dwarf-with-dsym";
				ENABLE_NS_ASSERTIONS = NO;
				ENABLE_STRICT_OBJC_MSGSEND = YES;
				ENABLE_USER_SCRIPT_SANDBOXING = YES;
				GCC_C_LANGUAGE_STANDARD = gnu17;
				GCC_NO_COMMON_BLOCKS = YES;
				GCC_WARN_64_TO_32_BIT_CONVERSION = YES;
				GCC_WARN_ABOUT_RETURN_TYPE = YES_ERROR;
				GCC_WARN_UNDECLARED_SELECTOR = YES;
				GCC_WARN_UNINITIALIZED_AUTOS = YES_AGGRESSIVE;
				GCC_WARN_UNUSED_FUNCTION = YES;
				GCC_WARN_UNUSED_VARIABLE = YES;
				LOCALIZATION_PREFERS_STRING_CATALOGS = YES;
				MTL_ENABLE_DEBUG_INFO = NO;
				MTL_FAST_MATH = YES;
				SWIFT_COMPILATION_MODE = wholemodule;
				VERSIONING_SYSTEM = "apple-generic";
				VERSION_INFO_PREFIX = "";
			};
			name = Release;
		};
		4A561C5B2B1FDD330033688D /* Debug */ = {
			isa = XCBuildConfiguration;
			buildSettings = {
				CLANG_ENABLE_MODULES = YES;
				CODE_SIGN_STYLE = Automatic;
				CURRENT_PROJECT_VERSION = 1;
				DEAD_CODE_STRIPPING = YES;
				DEFINES_MODULE = YES;
				DYLIB_COMPATIBILITY_VERSION = 1;
				DYLIB_CURRENT_VERSION = 1;
				DYLIB_INSTALL_NAME_BASE = "@rpath";
				ENABLE_MODULE_VERIFIER = YES;
				GENERATE_INFOPLIST_FILE = YES;
				INFOPLIST_KEY_NSHumanReadableCopyright = "";
				INSTALL_PATH = "$(LOCAL_LIBRARY_DIR)/Frameworks";
				IPHONEOS_DEPLOYMENT_TARGET = 17.0;
				LD_RUNPATH_SEARCH_PATHS = (
					"@executable_path/Frameworks",
					"@loader_path/Frameworks",
				);
				"LD_RUNPATH_SEARCH_PATHS[sdk=macosx*]" = (
					"@executable_path/../Frameworks",
					"@loader_path/Frameworks",
				);
				MACOSX_DEPLOYMENT_TARGET = 14.0;
				MARKETING_VERSION = 1.0;
				MODULE_VERIFIER_SUPPORTED_LANGUAGES = "objective-c objective-c++";
				MODULE_VERIFIER_SUPPORTED_LANGUAGE_STANDARDS = "gnu17 gnu++20";
				PRODUCT_BUNDLE_IDENTIFIER = com.marcosapostolo.EssentialFeed;
				PRODUCT_NAME = "$(TARGET_NAME:c99extidentifier)";
				SDKROOT = auto;
				SKIP_INSTALL = YES;
				SUPPORTED_PLATFORMS = "iphoneos iphonesimulator macosx";
				SWIFT_EMIT_LOC_STRINGS = YES;
				SWIFT_OPTIMIZATION_LEVEL = "-Onone";
				SWIFT_VERSION = 5.0;
				TARGETED_DEVICE_FAMILY = "1,2";
			};
			name = Debug;
		};
		4A561C5C2B1FDD330033688D /* Release */ = {
			isa = XCBuildConfiguration;
			buildSettings = {
				CLANG_ENABLE_MODULES = YES;
				CODE_SIGN_STYLE = Automatic;
				CURRENT_PROJECT_VERSION = 1;
				DEAD_CODE_STRIPPING = YES;
				DEFINES_MODULE = YES;
				DYLIB_COMPATIBILITY_VERSION = 1;
				DYLIB_CURRENT_VERSION = 1;
				DYLIB_INSTALL_NAME_BASE = "@rpath";
				ENABLE_MODULE_VERIFIER = YES;
				GENERATE_INFOPLIST_FILE = YES;
				INFOPLIST_KEY_NSHumanReadableCopyright = "";
				INSTALL_PATH = "$(LOCAL_LIBRARY_DIR)/Frameworks";
				IPHONEOS_DEPLOYMENT_TARGET = 17.0;
				LD_RUNPATH_SEARCH_PATHS = (
					"@executable_path/Frameworks",
					"@loader_path/Frameworks",
				);
				"LD_RUNPATH_SEARCH_PATHS[sdk=macosx*]" = (
					"@executable_path/../Frameworks",
					"@loader_path/Frameworks",
				);
				MACOSX_DEPLOYMENT_TARGET = 14.0;
				MARKETING_VERSION = 1.0;
				MODULE_VERIFIER_SUPPORTED_LANGUAGES = "objective-c objective-c++";
				MODULE_VERIFIER_SUPPORTED_LANGUAGE_STANDARDS = "gnu17 gnu++20";
				PRODUCT_BUNDLE_IDENTIFIER = com.marcosapostolo.EssentialFeed;
				PRODUCT_NAME = "$(TARGET_NAME:c99extidentifier)";
				SDKROOT = auto;
				SKIP_INSTALL = YES;
				SUPPORTED_PLATFORMS = "iphoneos iphonesimulator macosx";
				SWIFT_EMIT_LOC_STRINGS = YES;
				SWIFT_VERSION = 5.0;
				TARGETED_DEVICE_FAMILY = "1,2";
			};
			name = Release;
		};
		4A561C5E2B1FDD330033688D /* Debug */ = {
			isa = XCBuildConfiguration;
			buildSettings = {
				ALWAYS_EMBED_SWIFT_STANDARD_LIBRARIES = YES;
				CODE_SIGN_STYLE = Automatic;
				CURRENT_PROJECT_VERSION = 1;
				DEAD_CODE_STRIPPING = YES;
				GENERATE_INFOPLIST_FILE = YES;
				IPHONEOS_DEPLOYMENT_TARGET = 17.0;
				MACOSX_DEPLOYMENT_TARGET = 14.0;
				MARKETING_VERSION = 1.0;
				PRODUCT_BUNDLE_IDENTIFIER = com.marcosapostolo.EssentialFeedTests;
				PRODUCT_NAME = "$(TARGET_NAME)";
				SDKROOT = auto;
				SUPPORTED_PLATFORMS = "iphoneos iphonesimulator macosx";
				SWIFT_EMIT_LOC_STRINGS = NO;
				SWIFT_VERSION = 5.0;
				TARGETED_DEVICE_FAMILY = "1,2";
			};
			name = Debug;
		};
		4A561C5F2B1FDD330033688D /* Release */ = {
			isa = XCBuildConfiguration;
			buildSettings = {
				ALWAYS_EMBED_SWIFT_STANDARD_LIBRARIES = YES;
				CODE_SIGN_STYLE = Automatic;
				CURRENT_PROJECT_VERSION = 1;
				DEAD_CODE_STRIPPING = YES;
				GENERATE_INFOPLIST_FILE = YES;
				IPHONEOS_DEPLOYMENT_TARGET = 17.0;
				MACOSX_DEPLOYMENT_TARGET = 14.0;
				MARKETING_VERSION = 1.0;
				PRODUCT_BUNDLE_IDENTIFIER = com.marcosapostolo.EssentialFeedTests;
				PRODUCT_NAME = "$(TARGET_NAME)";
				SDKROOT = auto;
				SUPPORTED_PLATFORMS = "iphoneos iphonesimulator macosx";
				SWIFT_EMIT_LOC_STRINGS = NO;
				SWIFT_VERSION = 5.0;
				TARGETED_DEVICE_FAMILY = "1,2";
			};
			name = Release;
		};
/* End XCBuildConfiguration section */

/* Begin XCConfigurationList section */
		4A06CCF52B24FF8300B92152 /* Build configuration list for PBXNativeTarget "EssentialFeedAPIEndToEndTests" */ = {
			isa = XCConfigurationList;
			buildConfigurations = (
				4A06CCF62B24FF8300B92152 /* Debug */,
				4A06CCF72B24FF8300B92152 /* Release */,
			);
			defaultConfigurationIsVisible = 0;
			defaultConfigurationName = Release;
		};
		4A561C402B1FDD330033688D /* Build configuration list for PBXProject "EssentialFeed" */ = {
			isa = XCConfigurationList;
			buildConfigurations = (
				4A561C582B1FDD330033688D /* Debug */,
				4A561C592B1FDD330033688D /* Release */,
			);
			defaultConfigurationIsVisible = 0;
			defaultConfigurationName = Release;
		};
		4A561C5A2B1FDD330033688D /* Build configuration list for PBXNativeTarget "EssentialFeed" */ = {
			isa = XCConfigurationList;
			buildConfigurations = (
				4A561C5B2B1FDD330033688D /* Debug */,
				4A561C5C2B1FDD330033688D /* Release */,
			);
			defaultConfigurationIsVisible = 0;
			defaultConfigurationName = Release;
		};
		4A561C5D2B1FDD330033688D /* Build configuration list for PBXNativeTarget "EssentialFeedTests" */ = {
			isa = XCConfigurationList;
			buildConfigurations = (
				4A561C5E2B1FDD330033688D /* Debug */,
				4A561C5F2B1FDD330033688D /* Release */,
			);
			defaultConfigurationIsVisible = 0;
			defaultConfigurationName = Release;
		};
/* End XCConfigurationList section */

/* Begin XCVersionGroup section */
		4A11BC702B31117600396625 /* FeedStore.xcdatamodeld */ = {
			isa = XCVersionGroup;
			children = (
				4A11BC712B31117600396625 /* FeedStore.xcdatamodel */,
			);
			currentVersion = 4A11BC712B31117600396625 /* FeedStore.xcdatamodel */;
			path = FeedStore.xcdatamodeld;
			sourceTree = "<group>";
			versionGroupType = wrapper.xcdatamodel;
		};
/* End XCVersionGroup section */
	};
	rootObject = 4A561C3D2B1FDD330033688D /* Project object */;
}
