// !$*UTF8*$!
{
	archiveVersion = 1;
	classes = {
	};
	objectVersion = 56;
	objects = {

/* Begin PBXBuildFile section */
		4A103A822BC75A070068AF1E /* AppDelegate.swift in Sources */ = {isa = PBXBuildFile; fileRef = 4A103A812BC75A070068AF1E /* AppDelegate.swift */; };
		4A103A842BC75A070068AF1E /* SceneDelegate.swift in Sources */ = {isa = PBXBuildFile; fileRef = 4A103A832BC75A070068AF1E /* SceneDelegate.swift */; };
		4A103A862BC75A070068AF1E /* ViewController.swift in Sources */ = {isa = PBXBuildFile; fileRef = 4A103A852BC75A070068AF1E /* ViewController.swift */; };
		4A103A8B2BC75A080068AF1E /* Assets.xcassets in Resources */ = {isa = PBXBuildFile; fileRef = 4A103A8A2BC75A080068AF1E /* Assets.xcassets */; };
		4A103A8E2BC75A080068AF1E /* LaunchScreen.storyboard in Resources */ = {isa = PBXBuildFile; fileRef = 4A103A8C2BC75A080068AF1E /* LaunchScreen.storyboard */; };
		4A5E59632BC8BBB7007DA5D9 /* XCTestCase+MemoryLeakTracking.swift in Sources */ = {isa = PBXBuildFile; fileRef = 4A5E59622BC8BBB7007DA5D9 /* XCTestCase+MemoryLeakTracking.swift */; };
		4A5E59652BC8BC4E007DA5D9 /* SharedTestHelpers.swift in Sources */ = {isa = PBXBuildFile; fileRef = 4A5E59642BC8BC4E007DA5D9 /* SharedTestHelpers.swift */; };
		4A770A782BC9453B00684766 /* FeedLoaderStub.swift in Sources */ = {isa = PBXBuildFile; fileRef = 4A770A772BC9453B00684766 /* FeedLoaderStub.swift */; };
		4A770A7A2BC946D000684766 /* XCTestCase+FeedLoader.swift in Sources */ = {isa = PBXBuildFile; fileRef = 4A770A792BC946D000684766 /* XCTestCase+FeedLoader.swift */; };
		4A770A9A2BC9A84C00684766 /* SceneDelegateTests.swift in Sources */ = {isa = PBXBuildFile; fileRef = 4A770A992BC9A84C00684766 /* SceneDelegateTests.swift */; };
		4A85AEB72BC75AA000E00E50 /* EssentialFeed.framework in Frameworks */ = {isa = PBXBuildFile; fileRef = 4A85AEB52BC75AA000E00E50 /* EssentialFeed.framework */; };
		4A85AEB82BC75AA000E00E50 /* EssentialFeed.framework in Embed Frameworks */ = {isa = PBXBuildFile; fileRef = 4A85AEB52BC75AA000E00E50 /* EssentialFeed.framework */; settings = {ATTRIBUTES = (CodeSignOnCopy, RemoveHeadersOnCopy, ); }; };
		4A85AEB92BC75AA000E00E50 /* EssentialFeediOS.framework in Frameworks */ = {isa = PBXBuildFile; fileRef = 4A85AEB62BC75AA000E00E50 /* EssentialFeediOS.framework */; };
		4A85AEBA2BC75AA000E00E50 /* EssentialFeediOS.framework in Embed Frameworks */ = {isa = PBXBuildFile; fileRef = 4A85AEB62BC75AA000E00E50 /* EssentialFeediOS.framework */; settings = {ATTRIBUTES = (CodeSignOnCopy, RemoveHeadersOnCopy, ); }; };
		4AAB73772BCAF3D400CF8740 /* FeedAcceptanceTests.swift in Sources */ = {isa = PBXBuildFile; fileRef = 4AAB73762BCAF3D400CF8740 /* FeedAcceptanceTests.swift */; };
		4AAB73792BCAFDD300CF8740 /* HTTPClientStub.swift in Sources */ = {isa = PBXBuildFile; fileRef = 4AAB73782BCAFDD300CF8740 /* HTTPClientStub.swift */; };
		4AAB737B2BCAFE3600CF8740 /* InMemoryFeedStore.swift in Sources */ = {isa = PBXBuildFile; fileRef = 4AAB737A2BCAFE3600CF8740 /* InMemoryFeedStore.swift */; };
		4AAB737D2BCB07C900CF8740 /* UIView+TestHelpers.swift in Sources */ = {isa = PBXBuildFile; fileRef = 4AAB737C2BCB07C900CF8740 /* UIView+TestHelpers.swift */; };
		4AC5AAA22BC9E91500F73732 /* FeedImageCell+TestHelpers.swift in Sources */ = {isa = PBXBuildFile; fileRef = 4AC5AAA12BC9E91500F73732 /* FeedImageCell+TestHelpers.swift */; };
		4AC5AAA42BC9E9A500F73732 /* FeedViewControllerTests+Assertions.swift in Sources */ = {isa = PBXBuildFile; fileRef = 4AC5AAA32BC9E9A500F73732 /* FeedViewControllerTests+Assertions.swift */; };
		4AC5AAA62BC9E9BC00F73732 /* FeedViewControllerTests+LoaderSpy.swift in Sources */ = {isa = PBXBuildFile; fileRef = 4AC5AAA52BC9E9BC00F73732 /* FeedViewControllerTests+LoaderSpy.swift */; };
		4AC5AAA82BC9E9EA00F73732 /* FeedUIIntegrationTests+Localization.swift in Sources */ = {isa = PBXBuildFile; fileRef = 4AC5AAA72BC9E9EA00F73732 /* FeedUIIntegrationTests+Localization.swift */; };
		4AC5AAAA2BC9E9FA00F73732 /* FeedViewController+TestHelpers.swift in Sources */ = {isa = PBXBuildFile; fileRef = 4AC5AAA92BC9E9FA00F73732 /* FeedViewController+TestHelpers.swift */; };
		4AC5AAAC2BC9EA0700F73732 /* UIButton+TestHelpers.swift in Sources */ = {isa = PBXBuildFile; fileRef = 4AC5AAAB2BC9EA0700F73732 /* UIButton+TestHelpers.swift */; };
		4AC5AAAE2BC9EA1200F73732 /* UIControl+TestHelpers.swift in Sources */ = {isa = PBXBuildFile; fileRef = 4AC5AAAD2BC9EA1200F73732 /* UIControl+TestHelpers.swift */; };
		4AC5AAB02BC9EA1D00F73732 /* UIImage+TestHelpers.swift in Sources */ = {isa = PBXBuildFile; fileRef = 4AC5AAAF2BC9EA1D00F73732 /* UIImage+TestHelpers.swift */; };
		4AC5AAB22BC9EA2C00F73732 /* UIRefreshControl+TestHelpers.swift in Sources */ = {isa = PBXBuildFile; fileRef = 4AC5AAB12BC9EA2C00F73732 /* UIRefreshControl+TestHelpers.swift */; };
		4AC5AAB42BC9EA8F00F73732 /* FeedUIIntegrationTests.swift in Sources */ = {isa = PBXBuildFile; fileRef = 4AC5AAB32BC9EA8F00F73732 /* FeedUIIntegrationTests.swift */; };
		4AC5AAB62BC9EAB000F73732 /* UIRefreshControlTestDouble.swift in Sources */ = {isa = PBXBuildFile; fileRef = 4AC5AAB52BC9EAB000F73732 /* UIRefreshControlTestDouble.swift */; };
		4AC5AABF2BC9EB9F00F73732 /* WeakRefVirtualProxy.swift in Sources */ = {isa = PBXBuildFile; fileRef = 4AC5AABC2BC9EB9F00F73732 /* WeakRefVirtualProxy.swift */; };
		4AC5AAC02BC9EB9F00F73732 /* FeedLoaderPresentationAdapter.swift in Sources */ = {isa = PBXBuildFile; fileRef = 4AC5AABE2BC9EB9F00F73732 /* FeedLoaderPresentationAdapter.swift */; };
		4AC5AAC12BC9EB9F00F73732 /* FeedViewAdapter.swift in Sources */ = {isa = PBXBuildFile; fileRef = 4AC5AAB92BC9EB9F00F73732 /* FeedViewAdapter.swift */; };
		4AC5AAC22BC9EB9F00F73732 /* FeedImageDataLoaderPresentationAdatpert.swift in Sources */ = {isa = PBXBuildFile; fileRef = 4AC5AABA2BC9EB9F00F73732 /* FeedImageDataLoaderPresentationAdatpert.swift */; };
		4AC5AAC32BC9EB9F00F73732 /* FeedUIComposer.swift in Sources */ = {isa = PBXBuildFile; fileRef = 4AC5AABD2BC9EB9F00F73732 /* FeedUIComposer.swift */; };
		4AE0C3F32BCC35400079E1AA /* CombineHelpers.swift in Sources */ = {isa = PBXBuildFile; fileRef = 4AE0C3F22BCC35400079E1AA /* CombineHelpers.swift */; };
/* End PBXBuildFile section */

/* Begin PBXContainerItemProxy section */
		4A103A952BC75A080068AF1E /* PBXContainerItemProxy */ = {
			isa = PBXContainerItemProxy;
			containerPortal = 4A103A762BC75A070068AF1E /* Project object */;
			proxyType = 1;
			remoteGlobalIDString = 4A103A7D2BC75A070068AF1E;
			remoteInfo = EssentialApp;
		};
/* End PBXContainerItemProxy section */

/* Begin PBXCopyFilesBuildPhase section */
		4A85AEBB2BC75AA000E00E50 /* Embed Frameworks */ = {
			isa = PBXCopyFilesBuildPhase;
			buildActionMask = 2147483647;
			dstPath = "";
			dstSubfolderSpec = 10;
			files = (
				4A85AEB82BC75AA000E00E50 /* EssentialFeed.framework in Embed Frameworks */,
				4A85AEBA2BC75AA000E00E50 /* EssentialFeediOS.framework in Embed Frameworks */,
			);
			name = "Embed Frameworks";
			runOnlyForDeploymentPostprocessing = 0;
		};
/* End PBXCopyFilesBuildPhase section */

/* Begin PBXFileReference section */
		4A103A7E2BC75A070068AF1E /* EssentialApp.app */ = {isa = PBXFileReference; explicitFileType = wrapper.application; includeInIndex = 0; path = EssentialApp.app; sourceTree = BUILT_PRODUCTS_DIR; };
		4A103A812BC75A070068AF1E /* AppDelegate.swift */ = {isa = PBXFileReference; lastKnownFileType = sourcecode.swift; path = AppDelegate.swift; sourceTree = "<group>"; };
		4A103A832BC75A070068AF1E /* SceneDelegate.swift */ = {isa = PBXFileReference; lastKnownFileType = sourcecode.swift; path = SceneDelegate.swift; sourceTree = "<group>"; };
		4A103A852BC75A070068AF1E /* ViewController.swift */ = {isa = PBXFileReference; lastKnownFileType = sourcecode.swift; path = ViewController.swift; sourceTree = "<group>"; };
		4A103A8A2BC75A080068AF1E /* Assets.xcassets */ = {isa = PBXFileReference; lastKnownFileType = folder.assetcatalog; path = Assets.xcassets; sourceTree = "<group>"; };
		4A103A8D2BC75A080068AF1E /* Base */ = {isa = PBXFileReference; lastKnownFileType = file.storyboard; name = Base; path = Base.lproj/LaunchScreen.storyboard; sourceTree = "<group>"; };
		4A103A8F2BC75A080068AF1E /* Info.plist */ = {isa = PBXFileReference; lastKnownFileType = text.plist.xml; path = Info.plist; sourceTree = "<group>"; };
		4A103A942BC75A080068AF1E /* EssentialAppTests.xctest */ = {isa = PBXFileReference; explicitFileType = wrapper.cfbundle; includeInIndex = 0; path = EssentialAppTests.xctest; sourceTree = BUILT_PRODUCTS_DIR; };
		4A5E59622BC8BBB7007DA5D9 /* XCTestCase+MemoryLeakTracking.swift */ = {isa = PBXFileReference; lastKnownFileType = sourcecode.swift; path = "XCTestCase+MemoryLeakTracking.swift"; sourceTree = "<group>"; };
		4A5E59642BC8BC4E007DA5D9 /* SharedTestHelpers.swift */ = {isa = PBXFileReference; lastKnownFileType = sourcecode.swift; path = SharedTestHelpers.swift; sourceTree = "<group>"; };
		4A770A772BC9453B00684766 /* FeedLoaderStub.swift */ = {isa = PBXFileReference; lastKnownFileType = sourcecode.swift; path = FeedLoaderStub.swift; sourceTree = "<group>"; };
		4A770A792BC946D000684766 /* XCTestCase+FeedLoader.swift */ = {isa = PBXFileReference; lastKnownFileType = sourcecode.swift; path = "XCTestCase+FeedLoader.swift"; sourceTree = "<group>"; };
		4A770A992BC9A84C00684766 /* SceneDelegateTests.swift */ = {isa = PBXFileReference; lastKnownFileType = sourcecode.swift; path = SceneDelegateTests.swift; sourceTree = "<group>"; };
		4A85AEB52BC75AA000E00E50 /* EssentialFeed.framework */ = {isa = PBXFileReference; explicitFileType = wrapper.framework; path = EssentialFeed.framework; sourceTree = BUILT_PRODUCTS_DIR; };
		4A85AEB62BC75AA000E00E50 /* EssentialFeediOS.framework */ = {isa = PBXFileReference; explicitFileType = wrapper.framework; path = EssentialFeediOS.framework; sourceTree = BUILT_PRODUCTS_DIR; };
		4AAB73762BCAF3D400CF8740 /* FeedAcceptanceTests.swift */ = {isa = PBXFileReference; lastKnownFileType = sourcecode.swift; path = FeedAcceptanceTests.swift; sourceTree = "<group>"; };
		4AAB73782BCAFDD300CF8740 /* HTTPClientStub.swift */ = {isa = PBXFileReference; lastKnownFileType = sourcecode.swift; path = HTTPClientStub.swift; sourceTree = "<group>"; };
		4AAB737A2BCAFE3600CF8740 /* InMemoryFeedStore.swift */ = {isa = PBXFileReference; lastKnownFileType = sourcecode.swift; path = InMemoryFeedStore.swift; sourceTree = "<group>"; };
		4AAB737C2BCB07C900CF8740 /* UIView+TestHelpers.swift */ = {isa = PBXFileReference; lastKnownFileType = sourcecode.swift; path = "UIView+TestHelpers.swift"; sourceTree = "<group>"; };
		4AC5AAA12BC9E91500F73732 /* FeedImageCell+TestHelpers.swift */ = {isa = PBXFileReference; lastKnownFileType = sourcecode.swift; path = "FeedImageCell+TestHelpers.swift"; sourceTree = "<group>"; };
		4AC5AAA32BC9E9A500F73732 /* FeedViewControllerTests+Assertions.swift */ = {isa = PBXFileReference; lastKnownFileType = sourcecode.swift; path = "FeedViewControllerTests+Assertions.swift"; sourceTree = "<group>"; };
		4AC5AAA52BC9E9BC00F73732 /* FeedViewControllerTests+LoaderSpy.swift */ = {isa = PBXFileReference; lastKnownFileType = sourcecode.swift; path = "FeedViewControllerTests+LoaderSpy.swift"; sourceTree = "<group>"; };
		4AC5AAA72BC9E9EA00F73732 /* FeedUIIntegrationTests+Localization.swift */ = {isa = PBXFileReference; lastKnownFileType = sourcecode.swift; path = "FeedUIIntegrationTests+Localization.swift"; sourceTree = "<group>"; };
		4AC5AAA92BC9E9FA00F73732 /* FeedViewController+TestHelpers.swift */ = {isa = PBXFileReference; lastKnownFileType = sourcecode.swift; name = "FeedViewController+TestHelpers.swift"; path = "../../../EssentialFeed/EssentialFeediOSTests/Feed UI/Helpers/FeedViewController+TestHelpers.swift"; sourceTree = "<group>"; };
		4AC5AAAB2BC9EA0700F73732 /* UIButton+TestHelpers.swift */ = {isa = PBXFileReference; lastKnownFileType = sourcecode.swift; path = "UIButton+TestHelpers.swift"; sourceTree = "<group>"; };
		4AC5AAAD2BC9EA1200F73732 /* UIControl+TestHelpers.swift */ = {isa = PBXFileReference; lastKnownFileType = sourcecode.swift; path = "UIControl+TestHelpers.swift"; sourceTree = "<group>"; };
		4AC5AAAF2BC9EA1D00F73732 /* UIImage+TestHelpers.swift */ = {isa = PBXFileReference; lastKnownFileType = sourcecode.swift; path = "UIImage+TestHelpers.swift"; sourceTree = "<group>"; };
		4AC5AAB12BC9EA2C00F73732 /* UIRefreshControl+TestHelpers.swift */ = {isa = PBXFileReference; lastKnownFileType = sourcecode.swift; path = "UIRefreshControl+TestHelpers.swift"; sourceTree = "<group>"; };
		4AC5AAB32BC9EA8F00F73732 /* FeedUIIntegrationTests.swift */ = {isa = PBXFileReference; lastKnownFileType = sourcecode.swift; path = FeedUIIntegrationTests.swift; sourceTree = "<group>"; };
		4AC5AAB52BC9EAB000F73732 /* UIRefreshControlTestDouble.swift */ = {isa = PBXFileReference; lastKnownFileType = sourcecode.swift; path = UIRefreshControlTestDouble.swift; sourceTree = "<group>"; };
		4AC5AAB92BC9EB9F00F73732 /* FeedViewAdapter.swift */ = {isa = PBXFileReference; lastKnownFileType = sourcecode.swift; path = FeedViewAdapter.swift; sourceTree = "<group>"; };
		4AC5AABA2BC9EB9F00F73732 /* FeedImageDataLoaderPresentationAdatpert.swift */ = {isa = PBXFileReference; lastKnownFileType = sourcecode.swift; path = FeedImageDataLoaderPresentationAdatpert.swift; sourceTree = "<group>"; };
		4AC5AABC2BC9EB9F00F73732 /* WeakRefVirtualProxy.swift */ = {isa = PBXFileReference; lastKnownFileType = sourcecode.swift; path = WeakRefVirtualProxy.swift; sourceTree = "<group>"; };
		4AC5AABD2BC9EB9F00F73732 /* FeedUIComposer.swift */ = {isa = PBXFileReference; lastKnownFileType = sourcecode.swift; path = FeedUIComposer.swift; sourceTree = "<group>"; };
		4AC5AABE2BC9EB9F00F73732 /* FeedLoaderPresentationAdapter.swift */ = {isa = PBXFileReference; lastKnownFileType = sourcecode.swift; path = FeedLoaderPresentationAdapter.swift; sourceTree = "<group>"; };
		4AE0C3F12BCC342C0079E1AA /* EssentialAppTests.xctestplan */ = {isa = PBXFileReference; lastKnownFileType = text; name = EssentialAppTests.xctestplan; path = /Users/marcosamaral/code/EssentialFeedCaseStudy/EssentialApp/EssentialApp/EssentialAppTests.xctestplan; sourceTree = "<absolute>"; };
		4AE0C3F22BCC35400079E1AA /* CombineHelpers.swift */ = {isa = PBXFileReference; lastKnownFileType = sourcecode.swift; path = CombineHelpers.swift; sourceTree = "<group>"; };
/* End PBXFileReference section */

/* Begin PBXFrameworksBuildPhase section */
		4A103A7B2BC75A070068AF1E /* Frameworks */ = {
			isa = PBXFrameworksBuildPhase;
			buildActionMask = 2147483647;
			files = (
				4A85AEB72BC75AA000E00E50 /* EssentialFeed.framework in Frameworks */,
				4A85AEB92BC75AA000E00E50 /* EssentialFeediOS.framework in Frameworks */,
			);
			runOnlyForDeploymentPostprocessing = 0;
		};
		4A103A912BC75A080068AF1E /* Frameworks */ = {
			isa = PBXFrameworksBuildPhase;
			buildActionMask = 2147483647;
			files = (
			);
			runOnlyForDeploymentPostprocessing = 0;
		};
/* End PBXFrameworksBuildPhase section */

/* Begin PBXGroup section */
		4A103A752BC75A070068AF1E = {
			isa = PBXGroup;
			children = (
				4A103A802BC75A070068AF1E /* EssentialApp */,
				4A103A972BC75A080068AF1E /* EssentialAppTests */,
				4A103A7F2BC75A070068AF1E /* Products */,
				4A85AEB42BC75AA000E00E50 /* Frameworks */,
			);
			sourceTree = "<group>";
		};
		4A103A7F2BC75A070068AF1E /* Products */ = {
			isa = PBXGroup;
			children = (
				4A103A7E2BC75A070068AF1E /* EssentialApp.app */,
				4A103A942BC75A080068AF1E /* EssentialAppTests.xctest */,
			);
			name = Products;
			sourceTree = "<group>";
		};
		4A103A802BC75A070068AF1E /* EssentialApp */ = {
			isa = PBXGroup;
			children = (
				4AC5AABD2BC9EB9F00F73732 /* FeedUIComposer.swift */,
				4AC5AABC2BC9EB9F00F73732 /* WeakRefVirtualProxy.swift */,
				4AC5AABA2BC9EB9F00F73732 /* FeedImageDataLoaderPresentationAdatpert.swift */,
				4AC5AABE2BC9EB9F00F73732 /* FeedLoaderPresentationAdapter.swift */,
				4AC5AAB92BC9EB9F00F73732 /* FeedViewAdapter.swift */,
				4A103A812BC75A070068AF1E /* AppDelegate.swift */,
				4A103A832BC75A070068AF1E /* SceneDelegate.swift */,
				4A103A852BC75A070068AF1E /* ViewController.swift */,
				4A103A8A2BC75A080068AF1E /* Assets.xcassets */,
				4A103A8C2BC75A080068AF1E /* LaunchScreen.storyboard */,
				4A103A8F2BC75A080068AF1E /* Info.plist */,
				4AE0C3F22BCC35400079E1AA /* CombineHelpers.swift */,
			);
			path = EssentialApp;
			sourceTree = "<group>";
		};
		4A103A972BC75A080068AF1E /* EssentialAppTests */ = {
			isa = PBXGroup;
			children = (
				4AE0C3F12BCC342C0079E1AA /* EssentialAppTests.xctestplan */,
				4A5E59612BC8BB9C007DA5D9 /* Helpers */,
				4AC5AAB32BC9EA8F00F73732 /* FeedUIIntegrationTests.swift */,
				4A770A992BC9A84C00684766 /* SceneDelegateTests.swift */,
				4AAB73762BCAF3D400CF8740 /* FeedAcceptanceTests.swift */,
			);
			path = EssentialAppTests;
			sourceTree = "<group>";
		};
		4A5E59612BC8BB9C007DA5D9 /* Helpers */ = {
			isa = PBXGroup;
			children = (
				4AC5AAB52BC9EAB000F73732 /* UIRefreshControlTestDouble.swift */,
				4AC5AAB12BC9EA2C00F73732 /* UIRefreshControl+TestHelpers.swift */,
				4AC5AAAF2BC9EA1D00F73732 /* UIImage+TestHelpers.swift */,
				4AC5AAAD2BC9EA1200F73732 /* UIControl+TestHelpers.swift */,
				4AC5AAAB2BC9EA0700F73732 /* UIButton+TestHelpers.swift */,
				4AC5AAA92BC9E9FA00F73732 /* FeedViewController+TestHelpers.swift */,
				4AC5AAA72BC9E9EA00F73732 /* FeedUIIntegrationTests+Localization.swift */,
				4AC5AAA52BC9E9BC00F73732 /* FeedViewControllerTests+LoaderSpy.swift */,
				4AC5AAA32BC9E9A500F73732 /* FeedViewControllerTests+Assertions.swift */,
				4AC5AAA12BC9E91500F73732 /* FeedImageCell+TestHelpers.swift */,
				4A5E59622BC8BBB7007DA5D9 /* XCTestCase+MemoryLeakTracking.swift */,
				4A5E59642BC8BC4E007DA5D9 /* SharedTestHelpers.swift */,
				4A770A772BC9453B00684766 /* FeedLoaderStub.swift */,
				4A770A792BC946D000684766 /* XCTestCase+FeedLoader.swift */,
				4AAB73782BCAFDD300CF8740 /* HTTPClientStub.swift */,
				4AAB737A2BCAFE3600CF8740 /* InMemoryFeedStore.swift */,
				4AAB737C2BCB07C900CF8740 /* UIView+TestHelpers.swift */,
			);
			path = Helpers;
			sourceTree = "<group>";
		};
		4A85AEB42BC75AA000E00E50 /* Frameworks */ = {
			isa = PBXGroup;
			children = (
				4A85AEB52BC75AA000E00E50 /* EssentialFeed.framework */,
				4A85AEB62BC75AA000E00E50 /* EssentialFeediOS.framework */,
			);
			name = Frameworks;
			sourceTree = "<group>";
		};
/* End PBXGroup section */

/* Begin PBXNativeTarget section */
		4A103A7D2BC75A070068AF1E /* EssentialApp */ = {
			isa = PBXNativeTarget;
			buildConfigurationList = 4A103AA82BC75A080068AF1E /* Build configuration list for PBXNativeTarget "EssentialApp" */;
			buildPhases = (
				4A103A7A2BC75A070068AF1E /* Sources */,
				4A103A7B2BC75A070068AF1E /* Frameworks */,
				4A103A7C2BC75A070068AF1E /* Resources */,
				4A85AEBB2BC75AA000E00E50 /* Embed Frameworks */,
			);
			buildRules = (
			);
			dependencies = (
			);
			name = EssentialApp;
			productName = EssentialApp;
			productReference = 4A103A7E2BC75A070068AF1E /* EssentialApp.app */;
			productType = "com.apple.product-type.application";
		};
		4A103A932BC75A080068AF1E /* EssentialAppTests */ = {
			isa = PBXNativeTarget;
			buildConfigurationList = 4A103AAB2BC75A080068AF1E /* Build configuration list for PBXNativeTarget "EssentialAppTests" */;
			buildPhases = (
				4A103A902BC75A080068AF1E /* Sources */,
				4A103A912BC75A080068AF1E /* Frameworks */,
				4A103A922BC75A080068AF1E /* Resources */,
			);
			buildRules = (
			);
			dependencies = (
				4A103A962BC75A080068AF1E /* PBXTargetDependency */,
			);
			name = EssentialAppTests;
			productName = EssentialAppTests;
			productReference = 4A103A942BC75A080068AF1E /* EssentialAppTests.xctest */;
			productType = "com.apple.product-type.bundle.unit-test";
		};
/* End PBXNativeTarget section */

/* Begin PBXProject section */
		4A103A762BC75A070068AF1E /* Project object */ = {
			isa = PBXProject;
			attributes = {
				BuildIndependentTargetsInParallel = 1;
				LastSwiftUpdateCheck = 1520;
				LastUpgradeCheck = 1520;
				TargetAttributes = {
					4A103A7D2BC75A070068AF1E = {
						CreatedOnToolsVersion = 15.2;
					};
					4A103A932BC75A080068AF1E = {
						CreatedOnToolsVersion = 15.2;
						LastSwiftMigration = 1520;
						TestTargetID = 4A103A7D2BC75A070068AF1E;
					};
				};
			};
			buildConfigurationList = 4A103A792BC75A070068AF1E /* Build configuration list for PBXProject "EssentialApp" */;
			compatibilityVersion = "Xcode 14.0";
			developmentRegion = en;
			hasScannedForEncodings = 0;
			knownRegions = (
				en,
				Base,
			);
			mainGroup = 4A103A752BC75A070068AF1E;
			productRefGroup = 4A103A7F2BC75A070068AF1E /* Products */;
			projectDirPath = "";
			projectRoot = "";
			targets = (
				4A103A7D2BC75A070068AF1E /* EssentialApp */,
				4A103A932BC75A080068AF1E /* EssentialAppTests */,
			);
		};
/* End PBXProject section */

/* Begin PBXResourcesBuildPhase section */
		4A103A7C2BC75A070068AF1E /* Resources */ = {
			isa = PBXResourcesBuildPhase;
			buildActionMask = 2147483647;
			files = (
				4A103A8E2BC75A080068AF1E /* LaunchScreen.storyboard in Resources */,
				4A103A8B2BC75A080068AF1E /* Assets.xcassets in Resources */,
			);
			runOnlyForDeploymentPostprocessing = 0;
		};
		4A103A922BC75A080068AF1E /* Resources */ = {
			isa = PBXResourcesBuildPhase;
			buildActionMask = 2147483647;
			files = (
			);
			runOnlyForDeploymentPostprocessing = 0;
		};
/* End PBXResourcesBuildPhase section */

/* Begin PBXSourcesBuildPhase section */
		4A103A7A2BC75A070068AF1E /* Sources */ = {
			isa = PBXSourcesBuildPhase;
			buildActionMask = 2147483647;
			files = (
				4A103A862BC75A070068AF1E /* ViewController.swift in Sources */,
				4AC5AAC32BC9EB9F00F73732 /* FeedUIComposer.swift in Sources */,
				4AE0C3F32BCC35400079E1AA /* CombineHelpers.swift in Sources */,
				4A103A822BC75A070068AF1E /* AppDelegate.swift in Sources */,
				4AC5AABF2BC9EB9F00F73732 /* WeakRefVirtualProxy.swift in Sources */,
				4AC5AAC02BC9EB9F00F73732 /* FeedLoaderPresentationAdapter.swift in Sources */,
				4AC5AAC12BC9EB9F00F73732 /* FeedViewAdapter.swift in Sources */,
				4AC5AAC22BC9EB9F00F73732 /* FeedImageDataLoaderPresentationAdatpert.swift in Sources */,
				4A103A842BC75A070068AF1E /* SceneDelegate.swift in Sources */,
			);
			runOnlyForDeploymentPostprocessing = 0;
		};
		4A103A902BC75A080068AF1E /* Sources */ = {
			isa = PBXSourcesBuildPhase;
			buildActionMask = 2147483647;
			files = (
				4AC5AAAA2BC9E9FA00F73732 /* FeedViewController+TestHelpers.swift in Sources */,
				4AC5AAB22BC9EA2C00F73732 /* UIRefreshControl+TestHelpers.swift in Sources */,
				4AC5AAA62BC9E9BC00F73732 /* FeedViewControllerTests+LoaderSpy.swift in Sources */,
				4AC5AAA42BC9E9A500F73732 /* FeedViewControllerTests+Assertions.swift in Sources */,
				4AC5AAB02BC9EA1D00F73732 /* UIImage+TestHelpers.swift in Sources */,
				4A5E59652BC8BC4E007DA5D9 /* SharedTestHelpers.swift in Sources */,
				4A770A7A2BC946D000684766 /* XCTestCase+FeedLoader.swift in Sources */,
				4AAB73772BCAF3D400CF8740 /* FeedAcceptanceTests.swift in Sources */,
				4A770A9A2BC9A84C00684766 /* SceneDelegateTests.swift in Sources */,
				4AC5AAAE2BC9EA1200F73732 /* UIControl+TestHelpers.swift in Sources */,
				4AC5AAA22BC9E91500F73732 /* FeedImageCell+TestHelpers.swift in Sources */,
				4AC5AAB62BC9EAB000F73732 /* UIRefreshControlTestDouble.swift in Sources */,
				4A770A782BC9453B00684766 /* FeedLoaderStub.swift in Sources */,
				4A5E59632BC8BBB7007DA5D9 /* XCTestCase+MemoryLeakTracking.swift in Sources */,
				4AAB737D2BCB07C900CF8740 /* UIView+TestHelpers.swift in Sources */,
				4AAB73792BCAFDD300CF8740 /* HTTPClientStub.swift in Sources */,
				4AC5AAAC2BC9EA0700F73732 /* UIButton+TestHelpers.swift in Sources */,
				4AC5AAB42BC9EA8F00F73732 /* FeedUIIntegrationTests.swift in Sources */,
				4AC5AAA82BC9E9EA00F73732 /* FeedUIIntegrationTests+Localization.swift in Sources */,
				4AAB737B2BCAFE3600CF8740 /* InMemoryFeedStore.swift in Sources */,
			);
			runOnlyForDeploymentPostprocessing = 0;
		};
/* End PBXSourcesBuildPhase section */

/* Begin PBXTargetDependency section */
		4A103A962BC75A080068AF1E /* PBXTargetDependency */ = {
			isa = PBXTargetDependency;
			target = 4A103A7D2BC75A070068AF1E /* EssentialApp */;
			targetProxy = 4A103A952BC75A080068AF1E /* PBXContainerItemProxy */;
		};
/* End PBXTargetDependency section */

/* Begin PBXVariantGroup section */
		4A103A8C2BC75A080068AF1E /* LaunchScreen.storyboard */ = {
			isa = PBXVariantGroup;
			children = (
				4A103A8D2BC75A080068AF1E /* Base */,
			);
			name = LaunchScreen.storyboard;
			sourceTree = "<group>";
		};
/* End PBXVariantGroup section */

/* Begin XCBuildConfiguration section */
		4A103AA62BC75A080068AF1E /* Debug */ = {
			isa = XCBuildConfiguration;
			buildSettings = {
				ALWAYS_SEARCH_USER_PATHS = NO;
				ASSETCATALOG_COMPILER_GENERATE_SWIFT_ASSET_SYMBOL_EXTENSIONS = YES;
				CLANG_ANALYZER_NONNULL = YES;
				CLANG_ANALYZER_NUMBER_OBJECT_CONVERSION = YES_AGGRESSIVE;
				CLANG_CXX_LANGUAGE_STANDARD = "gnu++20";
				CLANG_ENABLE_MODULES = YES;
				CLANG_ENABLE_OBJC_ARC = YES;
				CLANG_ENABLE_OBJC_WEAK = YES;
				CLANG_WARN_BLOCK_CAPTURE_AUTORELEASING = YES;
				CLANG_WARN_BOOL_CONVERSION = YES;
				CLANG_WARN_COMMA = YES;
				CLANG_WARN_CONSTANT_CONVERSION = YES;
				CLANG_WARN_DEPRECATED_OBJC_IMPLEMENTATIONS = YES;
				CLANG_WARN_DIRECT_OBJC_ISA_USAGE = YES_ERROR;
				CLANG_WARN_DOCUMENTATION_COMMENTS = YES;
				CLANG_WARN_EMPTY_BODY = YES;
				CLANG_WARN_ENUM_CONVERSION = YES;
				CLANG_WARN_INFINITE_RECURSION = YES;
				CLANG_WARN_INT_CONVERSION = YES;
				CLANG_WARN_NON_LITERAL_NULL_CONVERSION = YES;
				CLANG_WARN_OBJC_IMPLICIT_RETAIN_SELF = YES;
				CLANG_WARN_OBJC_LITERAL_CONVERSION = YES;
				CLANG_WARN_OBJC_ROOT_CLASS = YES_ERROR;
				CLANG_WARN_QUOTED_INCLUDE_IN_FRAMEWORK_HEADER = YES;
				CLANG_WARN_RANGE_LOOP_ANALYSIS = YES;
				CLANG_WARN_STRICT_PROTOTYPES = YES;
				CLANG_WARN_SUSPICIOUS_MOVE = YES;
				CLANG_WARN_UNGUARDED_AVAILABILITY = YES_AGGRESSIVE;
				CLANG_WARN_UNREACHABLE_CODE = YES;
				CLANG_WARN__DUPLICATE_METHOD_MATCH = YES;
				COPY_PHASE_STRIP = NO;
				DEBUG_INFORMATION_FORMAT = dwarf;
				ENABLE_STRICT_OBJC_MSGSEND = YES;
				ENABLE_TESTABILITY = YES;
				ENABLE_USER_SCRIPT_SANDBOXING = YES;
				GCC_C_LANGUAGE_STANDARD = gnu17;
				GCC_DYNAMIC_NO_PIC = NO;
				GCC_NO_COMMON_BLOCKS = YES;
				GCC_OPTIMIZATION_LEVEL = 0;
				GCC_PREPROCESSOR_DEFINITIONS = (
					"DEBUG=1",
					"$(inherited)",
				);
				GCC_WARN_64_TO_32_BIT_CONVERSION = YES;
				GCC_WARN_ABOUT_RETURN_TYPE = YES_ERROR;
				GCC_WARN_UNDECLARED_SELECTOR = YES;
				GCC_WARN_UNINITIALIZED_AUTOS = YES_AGGRESSIVE;
				GCC_WARN_UNUSED_FUNCTION = YES;
				GCC_WARN_UNUSED_VARIABLE = YES;
				IPHONEOS_DEPLOYMENT_TARGET = 17.2;
				LOCALIZATION_PREFERS_STRING_CATALOGS = YES;
				MTL_ENABLE_DEBUG_INFO = INCLUDE_SOURCE;
				MTL_FAST_MATH = YES;
				ONLY_ACTIVE_ARCH = YES;
				SDKROOT = iphoneos;
				SWIFT_ACTIVE_COMPILATION_CONDITIONS = "DEBUG $(inherited)";
				SWIFT_OPTIMIZATION_LEVEL = "-Onone";
			};
			name = Debug;
		};
		4A103AA72BC75A080068AF1E /* Release */ = {
			isa = XCBuildConfiguration;
			buildSettings = {
				ALWAYS_SEARCH_USER_PATHS = NO;
				ASSETCATALOG_COMPILER_GENERATE_SWIFT_ASSET_SYMBOL_EXTENSIONS = YES;
				CLANG_ANALYZER_NONNULL = YES;
				CLANG_ANALYZER_NUMBER_OBJECT_CONVERSION = YES_AGGRESSIVE;
				CLANG_CXX_LANGUAGE_STANDARD = "gnu++20";
				CLANG_ENABLE_MODULES = YES;
				CLANG_ENABLE_OBJC_ARC = YES;
				CLANG_ENABLE_OBJC_WEAK = YES;
				CLANG_WARN_BLOCK_CAPTURE_AUTORELEASING = YES;
				CLANG_WARN_BOOL_CONVERSION = YES;
				CLANG_WARN_COMMA = YES;
				CLANG_WARN_CONSTANT_CONVERSION = YES;
				CLANG_WARN_DEPRECATED_OBJC_IMPLEMENTATIONS = YES;
				CLANG_WARN_DIRECT_OBJC_ISA_USAGE = YES_ERROR;
				CLANG_WARN_DOCUMENTATION_COMMENTS = YES;
				CLANG_WARN_EMPTY_BODY = YES;
				CLANG_WARN_ENUM_CONVERSION = YES;
				CLANG_WARN_INFINITE_RECURSION = YES;
				CLANG_WARN_INT_CONVERSION = YES;
				CLANG_WARN_NON_LITERAL_NULL_CONVERSION = YES;
				CLANG_WARN_OBJC_IMPLICIT_RETAIN_SELF = YES;
				CLANG_WARN_OBJC_LITERAL_CONVERSION = YES;
				CLANG_WARN_OBJC_ROOT_CLASS = YES_ERROR;
				CLANG_WARN_QUOTED_INCLUDE_IN_FRAMEWORK_HEADER = YES;
				CLANG_WARN_RANGE_LOOP_ANALYSIS = YES;
				CLANG_WARN_STRICT_PROTOTYPES = YES;
				CLANG_WARN_SUSPICIOUS_MOVE = YES;
				CLANG_WARN_UNGUARDED_AVAILABILITY = YES_AGGRESSIVE;
				CLANG_WARN_UNREACHABLE_CODE = YES;
				CLANG_WARN__DUPLICATE_METHOD_MATCH = YES;
				COPY_PHASE_STRIP = NO;
				DEBUG_INFORMATION_FORMAT = "dwarf-with-dsym";
				ENABLE_NS_ASSERTIONS = NO;
				ENABLE_STRICT_OBJC_MSGSEND = YES;
				ENABLE_USER_SCRIPT_SANDBOXING = YES;
				GCC_C_LANGUAGE_STANDARD = gnu17;
				GCC_NO_COMMON_BLOCKS = YES;
				GCC_WARN_64_TO_32_BIT_CONVERSION = YES;
				GCC_WARN_ABOUT_RETURN_TYPE = YES_ERROR;
				GCC_WARN_UNDECLARED_SELECTOR = YES;
				GCC_WARN_UNINITIALIZED_AUTOS = YES_AGGRESSIVE;
				GCC_WARN_UNUSED_FUNCTION = YES;
				GCC_WARN_UNUSED_VARIABLE = YES;
				IPHONEOS_DEPLOYMENT_TARGET = 17.2;
				LOCALIZATION_PREFERS_STRING_CATALOGS = YES;
				MTL_ENABLE_DEBUG_INFO = NO;
				MTL_FAST_MATH = YES;
				SDKROOT = iphoneos;
				SWIFT_COMPILATION_MODE = wholemodule;
				VALIDATE_PRODUCT = YES;
			};
			name = Release;
		};
		4A103AA92BC75A080068AF1E /* Debug */ = {
			isa = XCBuildConfiguration;
			buildSettings = {
				ASSETCATALOG_COMPILER_APPICON_NAME = AppIcon;
				ASSETCATALOG_COMPILER_GLOBAL_ACCENT_COLOR_NAME = AccentColor;
				CODE_SIGN_STYLE = Automatic;
				CURRENT_PROJECT_VERSION = 1;
				GENERATE_INFOPLIST_FILE = YES;
				INFOPLIST_FILE = EssentialApp/Info.plist;
				INFOPLIST_KEY_UIApplicationSupportsIndirectInputEvents = YES;
				INFOPLIST_KEY_UILaunchStoryboardName = LaunchScreen.storyboard;
				INFOPLIST_KEY_UISupportedInterfaceOrientations = UIInterfaceOrientationPortrait;
				INFOPLIST_KEY_UISupportedInterfaceOrientations_iPad = "UIInterfaceOrientationLandscapeLeft UIInterfaceOrientationLandscapeRight UIInterfaceOrientationPortrait UIInterfaceOrientationPortraitUpsideDown";
				LD_RUNPATH_SEARCH_PATHS = (
					"$(inherited)",
					"@executable_path/Frameworks",
				);
				MARKETING_VERSION = 1.0;
				PRODUCT_BUNDLE_IDENTIFIER = com.marcosapostolo.EssentialApp;
				PRODUCT_NAME = "$(TARGET_NAME)";
				SUPPORTED_PLATFORMS = "iphoneos iphonesimulator";
				SUPPORTS_MACCATALYST = NO;
				SUPPORTS_XR_DESIGNED_FOR_IPHONE_IPAD = NO;
				SWIFT_EMIT_LOC_STRINGS = YES;
				SWIFT_VERSION = 5.0;
				TARGETED_DEVICE_FAMILY = 1;
			};
			name = Debug;
		};
		4A103AAA2BC75A080068AF1E /* Release */ = {
			isa = XCBuildConfiguration;
			buildSettings = {
				ASSETCATALOG_COMPILER_APPICON_NAME = AppIcon;
				ASSETCATALOG_COMPILER_GLOBAL_ACCENT_COLOR_NAME = AccentColor;
				CODE_SIGN_STYLE = Automatic;
				CURRENT_PROJECT_VERSION = 1;
				GENERATE_INFOPLIST_FILE = YES;
				INFOPLIST_FILE = EssentialApp/Info.plist;
				INFOPLIST_KEY_UIApplicationSupportsIndirectInputEvents = YES;
				INFOPLIST_KEY_UILaunchStoryboardName = LaunchScreen.storyboard;
				INFOPLIST_KEY_UISupportedInterfaceOrientations = UIInterfaceOrientationPortrait;
				INFOPLIST_KEY_UISupportedInterfaceOrientations_iPad = "UIInterfaceOrientationLandscapeLeft UIInterfaceOrientationLandscapeRight UIInterfaceOrientationPortrait UIInterfaceOrientationPortraitUpsideDown";
				LD_RUNPATH_SEARCH_PATHS = (
					"$(inherited)",
					"@executable_path/Frameworks",
				);
				MARKETING_VERSION = 1.0;
				PRODUCT_BUNDLE_IDENTIFIER = com.marcosapostolo.EssentialApp;
				PRODUCT_NAME = "$(TARGET_NAME)";
				SUPPORTED_PLATFORMS = "iphoneos iphonesimulator";
				SUPPORTS_MACCATALYST = NO;
				SUPPORTS_XR_DESIGNED_FOR_IPHONE_IPAD = NO;
				SWIFT_EMIT_LOC_STRINGS = YES;
				SWIFT_VERSION = 5.0;
				TARGETED_DEVICE_FAMILY = 1;
			};
			name = Release;
		};
		4A103AAC2BC75A080068AF1E /* Debug */ = {
			isa = XCBuildConfiguration;
			buildSettings = {
				ALWAYS_EMBED_SWIFT_STANDARD_LIBRARIES = YES;
				BUNDLE_LOADER = "$(TEST_HOST)";
				CLANG_ENABLE_MODULES = YES;
				CODE_SIGN_STYLE = Automatic;
				CURRENT_PROJECT_VERSION = 1;
				GENERATE_INFOPLIST_FILE = YES;
				IPHONEOS_DEPLOYMENT_TARGET = 17.2;
				MARKETING_VERSION = 1.0;
				PRODUCT_BUNDLE_IDENTIFIER = com.marcosapostolo.EssentialAppTests;
				PRODUCT_NAME = "$(TARGET_NAME)";
				SUPPORTED_PLATFORMS = "iphoneos iphonesimulator";
				SUPPORTS_MACCATALYST = YES;
				SUPPORTS_XR_DESIGNED_FOR_IPHONE_IPAD = NO;
				SWIFT_EMIT_LOC_STRINGS = NO;
				SWIFT_OPTIMIZATION_LEVEL = "-Onone";
				SWIFT_VERSION = 5.0;
				TARGETED_DEVICE_FAMILY = "1,2";
				TEST_HOST = "$(BUILT_PRODUCTS_DIR)/EssentialApp.app/$(BUNDLE_EXECUTABLE_FOLDER_PATH)/EssentialApp";
			};
			name = Debug;
		};
		4A103AAD2BC75A080068AF1E /* Release */ = {
			isa = XCBuildConfiguration;
			buildSettings = {
				ALWAYS_EMBED_SWIFT_STANDARD_LIBRARIES = YES;
				BUNDLE_LOADER = "$(TEST_HOST)";
				CLANG_ENABLE_MODULES = YES;
				CODE_SIGN_STYLE = Automatic;
				CURRENT_PROJECT_VERSION = 1;
				GENERATE_INFOPLIST_FILE = YES;
				IPHONEOS_DEPLOYMENT_TARGET = 17.2;
				MARKETING_VERSION = 1.0;
				PRODUCT_BUNDLE_IDENTIFIER = com.marcosapostolo.EssentialAppTests;
				PRODUCT_NAME = "$(TARGET_NAME)";
				SUPPORTED_PLATFORMS = "iphoneos iphonesimulator";
				SUPPORTS_MACCATALYST = YES;
				SUPPORTS_XR_DESIGNED_FOR_IPHONE_IPAD = NO;
				SWIFT_EMIT_LOC_STRINGS = NO;
				SWIFT_VERSION = 5.0;
				TARGETED_DEVICE_FAMILY = "1,2";
				TEST_HOST = "$(BUILT_PRODUCTS_DIR)/EssentialApp.app/$(BUNDLE_EXECUTABLE_FOLDER_PATH)/EssentialApp";
			};
			name = Release;
		};
/* End XCBuildConfiguration section */

/* Begin XCConfigurationList section */
		4A103A792BC75A070068AF1E /* Build configuration list for PBXProject "EssentialApp" */ = {
			isa = XCConfigurationList;
			buildConfigurations = (
				4A103AA62BC75A080068AF1E /* Debug */,
				4A103AA72BC75A080068AF1E /* Release */,
			);
			defaultConfigurationIsVisible = 0;
			defaultConfigurationName = Release;
		};
		4A103AA82BC75A080068AF1E /* Build configuration list for PBXNativeTarget "EssentialApp" */ = {
			isa = XCConfigurationList;
			buildConfigurations = (
				4A103AA92BC75A080068AF1E /* Debug */,
				4A103AAA2BC75A080068AF1E /* Release */,
			);
			defaultConfigurationIsVisible = 0;
			defaultConfigurationName = Release;
		};
		4A103AAB2BC75A080068AF1E /* Build configuration list for PBXNativeTarget "EssentialAppTests" */ = {
			isa = XCConfigurationList;
			buildConfigurations = (
				4A103AAC2BC75A080068AF1E /* Debug */,
				4A103AAD2BC75A080068AF1E /* Release */,
			);
			defaultConfigurationIsVisible = 0;
			defaultConfigurationName = Release;
		};
/* End XCConfigurationList section */
	};
	rootObject = 4A103A762BC75A070068AF1E /* Project object */;
}
